// !$*UTF8*$!
{
	archiveVersion = 1;
	classes = {
	};
	objectVersion = 46;
	objects = {
/* Begin PBXBuildFile section */
		0207DA581B56EA530066E2B4 /* Images.xcassets in Resources */ = {isa = PBXBuildFile; fileRef = 0207DA571B56EA530066E2B4 /* Images.xcassets */; };
		1D3623260D0F684500981E51 /* AppDelegate.m in Sources */ = {isa = PBXBuildFile; fileRef = 1D3623250D0F684500981E51 /* AppDelegate.m */; };
		1D60589B0D05DD56006BFB54 /* main.m in Sources */ = {isa = PBXBuildFile; fileRef = 29B97316FDCFA39411CA2CEA /* main.m */; };
		301BF552109A68D80062928A /* libCordova.a in Frameworks */ = {isa = PBXBuildFile; fileRef = 301BF535109A57CC0062928A /* libCordova.a */; };
		302D95F114D2391D003F00A1 /* MainViewController.m in Sources */ = {isa = PBXBuildFile; fileRef = 302D95EF14D2391D003F00A1 /* MainViewController.m */; };
		302D95F214D2391D003F00A1 /* MainViewController.xib in Resources */ = {isa = PBXBuildFile; fileRef = 302D95F014D2391D003F00A1 /* MainViewController.xib */; };
		3047A5121AB8059700498E2A /* build-debug.xcconfig in Resources */ = {isa = PBXBuildFile; fileRef = 3047A50F1AB8059700498E2A /* build-debug.xcconfig */; };
		3047A5131AB8059700498E2A /* build-release.xcconfig in Resources */ = {isa = PBXBuildFile; fileRef = 3047A5101AB8059700498E2A /* build-release.xcconfig */; };
		3047A5141AB8059700498E2A /* build.xcconfig in Resources */ = {isa = PBXBuildFile; fileRef = 3047A5111AB8059700498E2A /* build.xcconfig */; };
		6AFF5BF91D6E424B00AB3073 /* CDVLaunchScreen.storyboard in Resources */ = {isa = PBXBuildFile; fileRef = 6AFF5BF81D6E424B00AB3073 /* CDVLaunchScreen.storyboard */; };
		5F7A3A16702E4DAFB86F15AC /* CDVMapbox.m in Sources */ = {isa = PBXBuildFile; fileRef = 997F5469FF154E178C654900 /* CDVMapbox.m */; };
		6D69E5DD4D4A4B5BA12C1204 /* Map.m in Sources */ = {isa = PBXBuildFile; fileRef = B49D9FB33BBF4B939FE7B7BA /* Map.m */; };
		7B1B1BF478DD429FA52D075A /* MapController.m in Sources */ = {isa = PBXBuildFile; fileRef = AEC5E89C9A1D4DAC8DE00FC2 /* MapController.m */; };
		F14161D293D3495AB819E1CA /* MapOverlayDebugLayer.m in Sources */ = {isa = PBXBuildFile; fileRef = EBB2595336A04605AC090D57 /* MapOverlayDebugLayer.m */; };
		C3D2EE8F2C0D44D6819AE6F4 /* MapsManager.m in Sources */ = {isa = PBXBuildFile; fileRef = C71E56C12B824B2D96C8DF23 /* MapsManager.m */; };
		F56F9D2E3B9147598342A24E /* PluginLayout.m in Sources */ = {isa = PBXBuildFile; fileRef = A77AE0CBB03C4698950904B7 /* PluginLayout.m */; };
		675A350C6E1641609C7A2568 /* PluginScrollLayout.m in Sources */ = {isa = PBXBuildFile; fileRef = D4B561C0F0834777AD2AD9CC /* PluginScrollLayout.m */; };
		4612CDA149AD45019C8394A0 /* UnuAnnotation.m in Sources */ = {isa = PBXBuildFile; fileRef = 93325D4805334EF98E1D2969 /* UnuAnnotation.m */; };
		AEEC36D54C084E8CAB62A59F /* Images.xcassets in Resources */ = {isa = PBXBuildFile; fileRef = 1A6E67ADCFB74085B9989947 /* Images.xcassets */; };
		2388A2FBEC9F4115B9B1FE77 /* Mapbox.bundle in Resources */ = {isa = PBXBuildFile; fileRef = 88F4211ABEC0462DBB6BD80F /* Mapbox.bundle */; };
		928955A1E09945F981D04147 /* Settings.bundle in Resources */ = {isa = PBXBuildFile; fileRef = 26A79683F328464E9362D633 /* Settings.bundle */; };
		923014C334354401A0A9C138 /* Mapbox.framework in Frameworks */ = {isa = PBXBuildFile; fileRef = B179606F547C48A9B329EB11 /* Mapbox.framework */; };
		891E8B6542BE4B5BB4C4BECC /* GLKit.framework in Frameworks */ = {isa = PBXBuildFile; fileRef = C38ECEB2646F47E584D1C122 /* GLKit.framework */; settings = {ATTRIBUTES = (Weak, ); }; };
		548F561C1B064BE49C09924D /* ImageIO.framework in Frameworks */ = {isa = PBXBuildFile; fileRef = D6EE86057B3B43C182118BAA /* ImageIO.framework */; settings = {ATTRIBUTES = (Weak, ); }; };
		7F3BBEA7513E47C899691FE4 /* QuartzCore.framework in Frameworks */ = {isa = PBXBuildFile; fileRef = 8F33B68848F643BAB205FCA8 /* QuartzCore.framework */; settings = {ATTRIBUTES = (Weak, ); }; };
		D9960674D09C4297BEB12007 /* SystemConfiguration.framework in Frameworks */ = {isa = PBXBuildFile; fileRef = D2B9A93121244F4AAD2DF96F /* SystemConfiguration.framework */; settings = {ATTRIBUTES = (Weak, ); }; };
		2F180A386C5E468E8F2DEDAD /* libc++.dylib in Frameworks */ = {isa = PBXBuildFile; fileRef = 4F358D14E1C2402D87096D53 /* libc++.dylib */; settings = {ATTRIBUTES = (Weak, ); }; };
		9AEC6D143FD84375A5DCEE4C /* libsqlite3.dylib in Frameworks */ = {isa = PBXBuildFile; fileRef = B09AD69071D14C01A1F76216 /* libsqlite3.dylib */; settings = {ATTRIBUTES = (Weak, ); }; };
		FCE67DD749B149E1AFE9E895 /* libz.dylib in Frameworks */ = {isa = PBXBuildFile; fileRef = 6C36715336F74C33ACCAF0AE /* libz.dylib */; settings = {ATTRIBUTES = (Weak, ); }; };
/* End PBXBuildFile section */

/* Begin PBXContainerItemProxy section */
		301BF534109A57CC0062928A /* PBXContainerItemProxy */ = {
			isa = PBXContainerItemProxy;
			containerPortal = 301BF52D109A57CC0062928A /* CordovaLib.xcodeproj */;
			proxyType = 2;
			remoteGlobalIDString = D2AAC07E0554694100DB518D;
			remoteInfo = CordovaLib;
		};
		301BF550109A68C00062928A /* PBXContainerItemProxy */ = {
			isa = PBXContainerItemProxy;
			containerPortal = 301BF52D109A57CC0062928A /* CordovaLib.xcodeproj */;
			proxyType = 1;
			remoteGlobalIDString = D2AAC07D0554694100DB518D;
			remoteInfo = CordovaLib;
		};
/* End PBXContainerItemProxy section */

/* Begin PBXFileReference section */
		0207DA571B56EA530066E2B4 /* Images.xcassets */ = {isa = PBXFileReference; lastKnownFileType = folder.assetcatalog; name = Images.xcassets; path = "MapboxTrial/Images.xcassets"; sourceTree = SOURCE_ROOT; };
		1D3623240D0F684500981E51 /* AppDelegate.h */ = {isa = PBXFileReference; fileEncoding = 4; lastKnownFileType = sourcecode.c.h; path = AppDelegate.h; sourceTree = "<group>"; };
		1D3623250D0F684500981E51 /* AppDelegate.m */ = {isa = PBXFileReference; fileEncoding = 4; lastKnownFileType = sourcecode.c.objc; path = AppDelegate.m; sourceTree = "<group>"; };
		1D6058910D05DD3D006BFB54 /* MapboxTrial.app */ = {isa = PBXFileReference; explicitFileType = wrapper.application; includeInIndex = 0; path = "MapboxTrial.app"; sourceTree = BUILT_PRODUCTS_DIR; };
		29B97316FDCFA39411CA2CEA /* main.m */ = {isa = PBXFileReference; fileEncoding = 4; lastKnownFileType = sourcecode.c.objc; path = main.m; sourceTree = "<group>"; };
		301BF52D109A57CC0062928A /* CordovaLib.xcodeproj */ = {isa = PBXFileReference; lastKnownFileType = "wrapper.pb-project"; name = CordovaLib.xcodeproj; path = CordovaLib/CordovaLib.xcodeproj; sourceTree = "<group>"; };
		301BF56E109A69640062928A /* www */ = {isa = PBXFileReference; lastKnownFileType = folder; path = www; sourceTree = SOURCE_ROOT; };
		302D95EE14D2391D003F00A1 /* MainViewController.h */ = {isa = PBXFileReference; fileEncoding = 4; lastKnownFileType = sourcecode.c.h; path = MainViewController.h; sourceTree = "<group>"; };
		302D95EF14D2391D003F00A1 /* MainViewController.m */ = {isa = PBXFileReference; fileEncoding = 4; lastKnownFileType = sourcecode.c.objc; path = MainViewController.m; sourceTree = "<group>"; };
		302D95F014D2391D003F00A1 /* MainViewController.xib */ = {isa = PBXFileReference; fileEncoding = 4; lastKnownFileType = file.xib; path = MainViewController.xib; sourceTree = "<group>"; };
		3047A50F1AB8059700498E2A /* build-debug.xcconfig */ = {isa = PBXFileReference; fileEncoding = 4; lastKnownFileType = text.xcconfig; name = "build-debug.xcconfig"; path = cordova/build-debug.xcconfig; sourceTree = SOURCE_ROOT; };
		3047A5101AB8059700498E2A /* build-release.xcconfig */ = {isa = PBXFileReference; fileEncoding = 4; lastKnownFileType = text.xcconfig; name = "build-release.xcconfig"; path = cordova/build-release.xcconfig; sourceTree = SOURCE_ROOT; };
		3047A5111AB8059700498E2A /* build.xcconfig */ = {isa = PBXFileReference; fileEncoding = 4; lastKnownFileType = text.xcconfig; name = build.xcconfig; path = cordova/build.xcconfig; sourceTree = SOURCE_ROOT; };
		32CA4F630368D1EE00C91783 /* MapboxTrial-Prefix.pch */ = {isa = PBXFileReference; fileEncoding = 4; lastKnownFileType = sourcecode.c.h; path = "MapboxTrial-Prefix.pch"; sourceTree = "<group>"; };
		6AFF5BF81D6E424B00AB3073 /* CDVLaunchScreen.storyboard */ = {isa = PBXFileReference; fileEncoding = 4; lastKnownFileType = file.storyboard; name = CDVLaunchScreen.storyboard; path = "MapboxTrial/CDVLaunchScreen.storyboard"; sourceTree = SOURCE_ROOT; };
		8D1107310486CEB800E47090 /* MapboxTrial-Info.plist */ = {isa = PBXFileReference; fileEncoding = 4; lastKnownFileType = text.plist.xml; name = "MapboxTrial-Info.plist"; path = "MapboxTrial/MapboxTrial-Info.plist"; plistStructureDefinitionIdentifier = "com.apple.xcode.plist.structure-definition.iphone.info-plist"; sourceTree = SOURCE_ROOT; };
		EB87FDF31871DA8E0020F90C /* www */ = {isa = PBXFileReference; lastKnownFileType = folder; name = www; path = ../../www; sourceTree = "<group>"; };
		EB87FDF41871DAF40020F90C /* config.xml */ = {isa = PBXFileReference; lastKnownFileType = text.xml; name = config.xml; path = ../../config.xml; sourceTree = "<group>"; };
		F840E1F0165FE0F500CFE078 /* config.xml */ = {isa = PBXFileReference; lastKnownFileType = text.xml; name = config.xml; path = "MapboxTrial/config.xml"; sourceTree = "<group>"; };
		ED33DF2A687741AEAF9F8254 /* Bridging-Header.h */ = {isa = PBXFileReference; fileEncoding = 4; lastKnownFileType = sourcecode.c.h; name = "Bridging-Header.h"; path = "Bridging-Header.h"; sourceTree = "<group>"; };
		997F5469FF154E178C654900 /* CDVMapbox.m */ = {isa = PBXFileReference; name = "CDVMapbox.m"; path = "cordova-plugin-mapbox/CDVMapbox.m"; sourceTree = "<group>"; fileEncoding = 4; lastKnownFileType = sourcecode.c.objc; explicitFileType = undefined; includeInIndex = 0; };
		B49D9FB33BBF4B939FE7B7BA /* Map.m */ = {isa = PBXFileReference; name = "Map.m"; path = "cordova-plugin-mapbox/Map.m"; sourceTree = "<group>"; fileEncoding = 4; lastKnownFileType = sourcecode.c.objc; explicitFileType = undefined; includeInIndex = 0; };
		AEC5E89C9A1D4DAC8DE00FC2 /* MapController.m */ = {isa = PBXFileReference; name = "MapController.m"; path = "cordova-plugin-mapbox/MapController.m"; sourceTree = "<group>"; fileEncoding = 4; lastKnownFileType = sourcecode.c.objc; explicitFileType = undefined; includeInIndex = 0; };
		EBB2595336A04605AC090D57 /* MapOverlayDebugLayer.m */ = {isa = PBXFileReference; name = "MapOverlayDebugLayer.m"; path = "cordova-plugin-mapbox/MapOverlayDebugLayer.m"; sourceTree = "<group>"; fileEncoding = 4; lastKnownFileType = sourcecode.c.objc; explicitFileType = undefined; includeInIndex = 0; };
		C71E56C12B824B2D96C8DF23 /* MapsManager.m */ = {isa = PBXFileReference; name = "MapsManager.m"; path = "cordova-plugin-mapbox/MapsManager.m"; sourceTree = "<group>"; fileEncoding = 4; lastKnownFileType = sourcecode.c.objc; explicitFileType = undefined; includeInIndex = 0; };
		A77AE0CBB03C4698950904B7 /* PluginLayout.m */ = {isa = PBXFileReference; name = "PluginLayout.m"; path = "cordova-plugin-mapbox/PluginLayout.m"; sourceTree = "<group>"; fileEncoding = 4; lastKnownFileType = sourcecode.c.objc; explicitFileType = undefined; includeInIndex = 0; };
		D4B561C0F0834777AD2AD9CC /* PluginScrollLayout.m */ = {isa = PBXFileReference; name = "PluginScrollLayout.m"; path = "cordova-plugin-mapbox/PluginScrollLayout.m"; sourceTree = "<group>"; fileEncoding = 4; lastKnownFileType = sourcecode.c.objc; explicitFileType = undefined; includeInIndex = 0; };
		93325D4805334EF98E1D2969 /* UnuAnnotation.m */ = {isa = PBXFileReference; name = "UnuAnnotation.m"; path = "cordova-plugin-mapbox/UnuAnnotation.m"; sourceTree = "<group>"; fileEncoding = 4; lastKnownFileType = sourcecode.c.objc; explicitFileType = undefined; includeInIndex = 0; };
		A806D8E1E4DA4293A45194EB /* CDVMapbox.h */ = {isa = PBXFileReference; name = "CDVMapbox.h"; path = "cordova-plugin-mapbox/CDVMapbox.h"; sourceTree = "<group>"; fileEncoding = 4; lastKnownFileType = sourcecode.c.h; explicitFileType = undefined; includeInIndex = 0; };
		7495B80616FC42B09B5BBC86 /* Map.h */ = {isa = PBXFileReference; name = "Map.h"; path = "cordova-plugin-mapbox/Map.h"; sourceTree = "<group>"; fileEncoding = 4; lastKnownFileType = sourcecode.c.h; explicitFileType = undefined; includeInIndex = 0; };
		47CEB35B4B6C48EEBB396813 /* MapController.h */ = {isa = PBXFileReference; name = "MapController.h"; path = "cordova-plugin-mapbox/MapController.h"; sourceTree = "<group>"; fileEncoding = 4; lastKnownFileType = sourcecode.c.h; explicitFileType = undefined; includeInIndex = 0; };
		4E4AB576E33848FC917C298A /* MapOverlayDebugLayer.h */ = {isa = PBXFileReference; name = "MapOverlayDebugLayer.h"; path = "cordova-plugin-mapbox/MapOverlayDebugLayer.h"; sourceTree = "<group>"; fileEncoding = 4; lastKnownFileType = sourcecode.c.h; explicitFileType = undefined; includeInIndex = 0; };
		B1AA2C0536DB46B091CF2DE1 /* MapsManager.h */ = {isa = PBXFileReference; name = "MapsManager.h"; path = "cordova-plugin-mapbox/MapsManager.h"; sourceTree = "<group>"; fileEncoding = 4; lastKnownFileType = sourcecode.c.h; explicitFileType = undefined; includeInIndex = 0; };
		BE49145E522F4EFDAC7BDFB0 /* PluginLayout.h */ = {isa = PBXFileReference; name = "PluginLayout.h"; path = "cordova-plugin-mapbox/PluginLayout.h"; sourceTree = "<group>"; fileEncoding = 4; lastKnownFileType = sourcecode.c.h; explicitFileType = undefined; includeInIndex = 0; };
		BA2887D65EF042C78AF85AE7 /* PluginScrollLayout.h */ = {isa = PBXFileReference; name = "PluginScrollLayout.h"; path = "cordova-plugin-mapbox/PluginScrollLayout.h"; sourceTree = "<group>"; fileEncoding = 4; lastKnownFileType = sourcecode.c.h; explicitFileType = undefined; includeInIndex = 0; };
		55755A0FD5EF422CAAB0B0FA /* UnuAnnotation.h */ = {isa = PBXFileReference; name = "UnuAnnotation.h"; path = "cordova-plugin-mapbox/UnuAnnotation.h"; sourceTree = "<group>"; fileEncoding = 4; lastKnownFileType = sourcecode.c.h; explicitFileType = undefined; includeInIndex = 0; };
		3DAFB59C73904F39AA14A05B /* Mapbox.h */ = {isa = PBXFileReference; name = "Mapbox.h"; path = "cordova-plugin-mapbox/Mapbox.h"; sourceTree = "<group>"; fileEncoding = 4; lastKnownFileType = sourcecode.c.h; explicitFileType = undefined; includeInIndex = 0; };
		77254ECE4B0647E7AB21B800 /* MGLAccountManager.h */ = {isa = PBXFileReference; name = "MGLAccountManager.h"; path = "cordova-plugin-mapbox/MGLAccountManager.h"; sourceTree = "<group>"; fileEncoding = 4; lastKnownFileType = sourcecode.c.h; explicitFileType = undefined; includeInIndex = 0; };
		3A6D85258D4D4E429F1288B1 /* MGLAnnotation.h */ = {isa = PBXFileReference; name = "MGLAnnotation.h"; path = "cordova-plugin-mapbox/MGLAnnotation.h"; sourceTree = "<group>"; fileEncoding = 4; lastKnownFileType = sourcecode.c.h; explicitFileType = undefined; includeInIndex = 0; };
		E7F19CD79D2B4520942AFE0B /* MGLAnnotationImage.h */ = {isa = PBXFileReference; name = "MGLAnnotationImage.h"; path = "cordova-plugin-mapbox/MGLAnnotationImage.h"; sourceTree = "<group>"; fileEncoding = 4; lastKnownFileType = sourcecode.c.h; explicitFileType = undefined; includeInIndex = 0; };
		72D0D5E98DEA4422B7E39BC7 /* MGLCalloutView.h */ = {isa = PBXFileReference; name = "MGLCalloutView.h"; path = "cordova-plugin-mapbox/MGLCalloutView.h"; sourceTree = "<group>"; fileEncoding = 4; lastKnownFileType = sourcecode.c.h; explicitFileType = undefined; includeInIndex = 0; };
		B3AB822CB1B24066BACD6C1C /* MGLGeometry.h */ = {isa = PBXFileReference; name = "MGLGeometry.h"; path = "cordova-plugin-mapbox/MGLGeometry.h"; sourceTree = "<group>"; fileEncoding = 4; lastKnownFileType = sourcecode.c.h; explicitFileType = undefined; includeInIndex = 0; };
		B3D79F8EA7A641B59F8A3662 /* MGLMapCamera.h */ = {isa = PBXFileReference; name = "MGLMapCamera.h"; path = "cordova-plugin-mapbox/MGLMapCamera.h"; sourceTree = "<group>"; fileEncoding = 4; lastKnownFileType = sourcecode.c.h; explicitFileType = undefined; includeInIndex = 0; };
		BE4C8035A42B45FE8A91BD9B /* MGLMapView.h */ = {isa = PBXFileReference; name = "MGLMapView.h"; path = "cordova-plugin-mapbox/MGLMapView.h"; sourceTree = "<group>"; fileEncoding = 4; lastKnownFileType = sourcecode.c.h; explicitFileType = undefined; includeInIndex = 0; };
		94D0799C232147309477FAE9 /* MGLMapView+IBAdditions.h */ = {isa = PBXFileReference; name = "MGLMapView+IBAdditions.h"; path = "cordova-plugin-mapbox/MGLMapView+IBAdditions.h"; sourceTree = "<group>"; fileEncoding = 4; lastKnownFileType = sourcecode.c.h; explicitFileType = undefined; includeInIndex = 0; };
		10834547864E4F1EA7D37FC1 /* MGLMapView+MGLCustomStyleLayerAdditions.h */ = {isa = PBXFileReference; name = "MGLMapView+MGLCustomStyleLayerAdditions.h"; path = "cordova-plugin-mapbox/MGLMapView+MGLCustomStyleLayerAdditions.h"; sourceTree = "<group>"; fileEncoding = 4; lastKnownFileType = sourcecode.c.h; explicitFileType = undefined; includeInIndex = 0; };
		200D6662F98F4699B4AD5476 /* MGLMultiPoint.h */ = {isa = PBXFileReference; name = "MGLMultiPoint.h"; path = "cordova-plugin-mapbox/MGLMultiPoint.h"; sourceTree = "<group>"; fileEncoding = 4; lastKnownFileType = sourcecode.c.h; explicitFileType = undefined; includeInIndex = 0; };
		BC452A9E000B4913ABAA0BBF /* MGLOfflinePack.h */ = {isa = PBXFileReference; name = "MGLOfflinePack.h"; path = "cordova-plugin-mapbox/MGLOfflinePack.h"; sourceTree = "<group>"; fileEncoding = 4; lastKnownFileType = sourcecode.c.h; explicitFileType = undefined; includeInIndex = 0; };
		D7C0564FAFF54433A5BF190E /* MGLOfflineRegion.h */ = {isa = PBXFileReference; name = "MGLOfflineRegion.h"; path = "cordova-plugin-mapbox/MGLOfflineRegion.h"; sourceTree = "<group>"; fileEncoding = 4; lastKnownFileType = sourcecode.c.h; explicitFileType = undefined; includeInIndex = 0; };
		B5A362467F09478C9C0D562B /* MGLOfflineStorage.h */ = {isa = PBXFileReference; name = "MGLOfflineStorage.h"; path = "cordova-plugin-mapbox/MGLOfflineStorage.h"; sourceTree = "<group>"; fileEncoding = 4; lastKnownFileType = sourcecode.c.h; explicitFileType = undefined; includeInIndex = 0; };
		17F8819124AA4474AF1D5F96 /* MGLOverlay.h */ = {isa = PBXFileReference; name = "MGLOverlay.h"; path = "cordova-plugin-mapbox/MGLOverlay.h"; sourceTree = "<group>"; fileEncoding = 4; lastKnownFileType = sourcecode.c.h; explicitFileType = undefined; includeInIndex = 0; };
		83B9B4BAB390401A8DABB6AA /* MGLPointAnnotation.h */ = {isa = PBXFileReference; name = "MGLPointAnnotation.h"; path = "cordova-plugin-mapbox/MGLPointAnnotation.h"; sourceTree = "<group>"; fileEncoding = 4; lastKnownFileType = sourcecode.c.h; explicitFileType = undefined; includeInIndex = 0; };
		A7098FF7C3724DB7B1B33045 /* MGLPolygon.h */ = {isa = PBXFileReference; name = "MGLPolygon.h"; path = "cordova-plugin-mapbox/MGLPolygon.h"; sourceTree = "<group>"; fileEncoding = 4; lastKnownFileType = sourcecode.c.h; explicitFileType = undefined; includeInIndex = 0; };
		B58A084ACED946AFBC15975A /* MGLPolyline.h */ = {isa = PBXFileReference; name = "MGLPolyline.h"; path = "cordova-plugin-mapbox/MGLPolyline.h"; sourceTree = "<group>"; fileEncoding = 4; lastKnownFileType = sourcecode.c.h; explicitFileType = undefined; includeInIndex = 0; };
		243DCB7262B14841A264D4B2 /* MGLShape.h */ = {isa = PBXFileReference; name = "MGLShape.h"; path = "cordova-plugin-mapbox/MGLShape.h"; sourceTree = "<group>"; fileEncoding = 4; lastKnownFileType = sourcecode.c.h; explicitFileType = undefined; includeInIndex = 0; };
		9FAB7A41801943D98A2496CC /* MGLStyle.h */ = {isa = PBXFileReference; name = "MGLStyle.h"; path = "cordova-plugin-mapbox/MGLStyle.h"; sourceTree = "<group>"; fileEncoding = 4; lastKnownFileType = sourcecode.c.h; explicitFileType = undefined; includeInIndex = 0; };
		F1FB5F63351744F8A839E5DF /* MGLTilePyramidOfflineRegion.h */ = {isa = PBXFileReference; name = "MGLTilePyramidOfflineRegion.h"; path = "cordova-plugin-mapbox/MGLTilePyramidOfflineRegion.h"; sourceTree = "<group>"; fileEncoding = 4; lastKnownFileType = sourcecode.c.h; explicitFileType = undefined; includeInIndex = 0; };
		39410847BB564E95864320B6 /* MGLTypes.h */ = {isa = PBXFileReference; name = "MGLTypes.h"; path = "cordova-plugin-mapbox/MGLTypes.h"; sourceTree = "<group>"; fileEncoding = 4; lastKnownFileType = sourcecode.c.h; explicitFileType = undefined; includeInIndex = 0; };
		EED952EEE89548A39D51A0B6 /* MGLUserLocation.h */ = {isa = PBXFileReference; name = "MGLUserLocation.h"; path = "cordova-plugin-mapbox/MGLUserLocation.h"; sourceTree = "<group>"; fileEncoding = 4; lastKnownFileType = sourcecode.c.h; explicitFileType = undefined; includeInIndex = 0; };
		1A6E67ADCFB74085B9989947 /* Images.xcassets */ = {isa = PBXFileReference; name = "Images.xcassets"; path = "Images.xcassets"; sourceTree = "<group>"; fileEncoding = undefined; lastKnownFileType = folder.assetcatalog; explicitFileType = undefined; includeInIndex = 0; };
		88F4211ABEC0462DBB6BD80F /* Mapbox.bundle */ = {isa = PBXFileReference; name = "Mapbox.bundle"; path = "Mapbox.bundle"; sourceTree = "<group>"; fileEncoding = undefined; lastKnownFileType = wrapper.plug-in; explicitFileType = undefined; includeInIndex = 0; };
		26A79683F328464E9362D633 /* Settings.bundle */ = {isa = PBXFileReference; name = "Settings.bundle"; path = "Settings.bundle"; sourceTree = "<group>"; fileEncoding = undefined; lastKnownFileType = wrapper.plug-in; explicitFileType = undefined; includeInIndex = 0; };
		B179606F547C48A9B329EB11 /* Mapbox.framework */ = {isa = PBXFileReference; name = "Mapbox.framework"; path = "MapboxTrial/Plugins/cordova-plugin-mapbox/Mapbox.framework"; sourceTree = "<group>"; fileEncoding = undefined; lastKnownFileType = wrapper.framework; explicitFileType = undefined; includeInIndex = 0; };
		C38ECEB2646F47E584D1C122 /* GLKit.framework */ = {isa = PBXFileReference; name = "GLKit.framework"; path = "System/Library/Frameworks/GLKit.framework"; sourceTree = SDKROOT; fileEncoding = undefined; lastKnownFileType = wrapper.framework; explicitFileType = undefined; includeInIndex = 0; };
		D6EE86057B3B43C182118BAA /* ImageIO.framework */ = {isa = PBXFileReference; name = "ImageIO.framework"; path = "System/Library/Frameworks/ImageIO.framework"; sourceTree = SDKROOT; fileEncoding = undefined; lastKnownFileType = wrapper.framework; explicitFileType = undefined; includeInIndex = 0; };
		8F33B68848F643BAB205FCA8 /* QuartzCore.framework */ = {isa = PBXFileReference; name = "QuartzCore.framework"; path = "System/Library/Frameworks/QuartzCore.framework"; sourceTree = SDKROOT; fileEncoding = undefined; lastKnownFileType = wrapper.framework; explicitFileType = undefined; includeInIndex = 0; };
		D2B9A93121244F4AAD2DF96F /* SystemConfiguration.framework */ = {isa = PBXFileReference; name = "SystemConfiguration.framework"; path = "System/Library/Frameworks/SystemConfiguration.framework"; sourceTree = SDKROOT; fileEncoding = undefined; lastKnownFileType = wrapper.framework; explicitFileType = undefined; includeInIndex = 0; };
		4F358D14E1C2402D87096D53 /* libc++.dylib */ = {isa = PBXFileReference; name = "libc++.dylib"; path = "usr/lib/libc++.dylib"; sourceTree = SDKROOT; fileEncoding = undefined; lastKnownFileType = compiled.mach-o.dylib; explicitFileType = undefined; includeInIndex = 0; };
		B09AD69071D14C01A1F76216 /* libsqlite3.dylib */ = {isa = PBXFileReference; name = "libsqlite3.dylib"; path = "usr/lib/libsqlite3.dylib"; sourceTree = SDKROOT; fileEncoding = undefined; lastKnownFileType = compiled.mach-o.dylib; explicitFileType = undefined; includeInIndex = 0; };
		6C36715336F74C33ACCAF0AE /* libz.dylib */ = {isa = PBXFileReference; name = "libz.dylib"; path = "usr/lib/libz.dylib"; sourceTree = SDKROOT; fileEncoding = undefined; lastKnownFileType = compiled.mach-o.dylib; explicitFileType = undefined; includeInIndex = 0; };
/* End PBXFileReference section */

/* Begin PBXFrameworksBuildPhase section */
		1D60588F0D05DD3D006BFB54 /* Frameworks */ = {
			isa = PBXFrameworksBuildPhase;
			buildActionMask = 2147483647;
			files = (
				301BF552109A68D80062928A /* libCordova.a in Frameworks */,
				923014C334354401A0A9C138 /* Mapbox.framework in Frameworks */,
				891E8B6542BE4B5BB4C4BECC /* GLKit.framework in Frameworks */,
				548F561C1B064BE49C09924D /* ImageIO.framework in Frameworks */,
				7F3BBEA7513E47C899691FE4 /* QuartzCore.framework in Frameworks */,
				D9960674D09C4297BEB12007 /* SystemConfiguration.framework in Frameworks */,
				2F180A386C5E468E8F2DEDAD /* libc++.dylib in Frameworks */,
				9AEC6D143FD84375A5DCEE4C /* libsqlite3.dylib in Frameworks */,
				FCE67DD749B149E1AFE9E895 /* libz.dylib in Frameworks */,
			);
			runOnlyForDeploymentPostprocessing = 0;
		};
/* End PBXFrameworksBuildPhase section */

/* Begin PBXGroup section */
		080E96DDFE201D6D7F000001 /* Classes */ = {
			isa = PBXGroup;
			children = (
				302D95EE14D2391D003F00A1 /* MainViewController.h */,
				302D95EF14D2391D003F00A1 /* MainViewController.m */,
				302D95F014D2391D003F00A1 /* MainViewController.xib */,
				1D3623240D0F684500981E51 /* AppDelegate.h */,
				1D3623250D0F684500981E51 /* AppDelegate.m */,
			);
			name = Classes;
			path = "MapboxTrial/Classes";
			sourceTree = SOURCE_ROOT;
		};
		19C28FACFE9D520D11CA2CBB /* Products */ = {
			isa = PBXGroup;
			children = (
				1D6058910D05DD3D006BFB54 /* MapboxTrial.app */,
			);
			name = Products;
			sourceTree = "<group>";
		};
		29B97314FDCFA39411CA2CEA /* CustomTemplate */ = {
			isa = PBXGroup;
			children = (
				EB87FDF41871DAF40020F90C /* config.xml */,
				EB87FDF31871DA8E0020F90C /* www */,
				EB87FDF11871DA420020F90C /* Staging */,
				301BF52D109A57CC0062928A /* CordovaLib.xcodeproj */,
				080E96DDFE201D6D7F000001 /* Classes */,
				307C750510C5A3420062BCA9 /* Plugins */,
				29B97315FDCFA39411CA2CEA /* Other Sources */,
				29B97317FDCFA39411CA2CEA /* Resources */,
				29B97323FDCFA39411CA2CEA /* Frameworks */,
				19C28FACFE9D520D11CA2CBB /* Products */,
			);
			name = CustomTemplate;
			sourceTree = "<group>";
		};
		29B97315FDCFA39411CA2CEA /* Other Sources */ = {
			isa = PBXGroup;
			children = (
				32CA4F630368D1EE00C91783 /* MapboxTrial-Prefix.pch */,
				29B97316FDCFA39411CA2CEA /* main.m */,
				ED33DF2A687741AEAF9F8254 /* Bridging-Header.h */,
			);
			name = "Other Sources";
			path = "MapboxTrial";
			sourceTree = "<group>";
		};
		29B97317FDCFA39411CA2CEA /* Resources */ = {
			isa = PBXGroup;
			children = (
				0207DA571B56EA530066E2B4 /* Images.xcassets */,
				3047A50E1AB8057F00498E2A /* config */,
				8D1107310486CEB800E47090 /* MapboxTrial-Info.plist */,
				6AFF5BF81D6E424B00AB3073 /* CDVLaunchScreen.storyboard */,
				1A6E67ADCFB74085B9989947 /* Images.xcassets */,
				88F4211ABEC0462DBB6BD80F /* Mapbox.bundle */,
				26A79683F328464E9362D633 /* Settings.bundle */,
			);
			name = Resources;
			path = "MapboxTrial/Resources";
			sourceTree = "<group>";
		};
		29B97323FDCFA39411CA2CEA /* Frameworks */ = {
			isa = PBXGroup;
			children = (
				B179606F547C48A9B329EB11 /* Mapbox.framework */,
				C38ECEB2646F47E584D1C122 /* GLKit.framework */,
				D6EE86057B3B43C182118BAA /* ImageIO.framework */,
				8F33B68848F643BAB205FCA8 /* QuartzCore.framework */,
				D2B9A93121244F4AAD2DF96F /* SystemConfiguration.framework */,
				4F358D14E1C2402D87096D53 /* libc++.dylib */,
				B09AD69071D14C01A1F76216 /* libsqlite3.dylib */,
				6C36715336F74C33ACCAF0AE /* libz.dylib */,
			);
			name = Frameworks;
			sourceTree = "<group>";
		};
		301BF52E109A57CC0062928A /* Products */ = {
			isa = PBXGroup;
			children = (
				301BF535109A57CC0062928A /* libCordova.a */,
			);
			name = Products;
			sourceTree = "<group>";
		};
		3047A50E1AB8057F00498E2A /* config */ = {
			isa = PBXGroup;
			children = (
				3047A50F1AB8059700498E2A /* build-debug.xcconfig */,
				3047A5101AB8059700498E2A /* build-release.xcconfig */,
				3047A5111AB8059700498E2A /* build.xcconfig */,
			);
			name = config;
			sourceTree = "<group>";
		};
		307C750510C5A3420062BCA9 /* Plugins */ = {
			isa = PBXGroup;
			children = (
				997F5469FF154E178C654900 /* CDVMapbox.m */,
				B49D9FB33BBF4B939FE7B7BA /* Map.m */,
				AEC5E89C9A1D4DAC8DE00FC2 /* MapController.m */,
				EBB2595336A04605AC090D57 /* MapOverlayDebugLayer.m */,
				C71E56C12B824B2D96C8DF23 /* MapsManager.m */,
				A77AE0CBB03C4698950904B7 /* PluginLayout.m */,
				D4B561C0F0834777AD2AD9CC /* PluginScrollLayout.m */,
				93325D4805334EF98E1D2969 /* UnuAnnotation.m */,
				A806D8E1E4DA4293A45194EB /* CDVMapbox.h */,
				7495B80616FC42B09B5BBC86 /* Map.h */,
				47CEB35B4B6C48EEBB396813 /* MapController.h */,
				4E4AB576E33848FC917C298A /* MapOverlayDebugLayer.h */,
				B1AA2C0536DB46B091CF2DE1 /* MapsManager.h */,
				BE49145E522F4EFDAC7BDFB0 /* PluginLayout.h */,
				BA2887D65EF042C78AF85AE7 /* PluginScrollLayout.h */,
				55755A0FD5EF422CAAB0B0FA /* UnuAnnotation.h */,
				3DAFB59C73904F39AA14A05B /* Mapbox.h */,
				77254ECE4B0647E7AB21B800 /* MGLAccountManager.h */,
				3A6D85258D4D4E429F1288B1 /* MGLAnnotation.h */,
				E7F19CD79D2B4520942AFE0B /* MGLAnnotationImage.h */,
				72D0D5E98DEA4422B7E39BC7 /* MGLCalloutView.h */,
				B3AB822CB1B24066BACD6C1C /* MGLGeometry.h */,
				B3D79F8EA7A641B59F8A3662 /* MGLMapCamera.h */,
				BE4C8035A42B45FE8A91BD9B /* MGLMapView.h */,
				94D0799C232147309477FAE9 /* MGLMapView+IBAdditions.h */,
				10834547864E4F1EA7D37FC1 /* MGLMapView+MGLCustomStyleLayerAdditions.h */,
				200D6662F98F4699B4AD5476 /* MGLMultiPoint.h */,
				BC452A9E000B4913ABAA0BBF /* MGLOfflinePack.h */,
				D7C0564FAFF54433A5BF190E /* MGLOfflineRegion.h */,
				B5A362467F09478C9C0D562B /* MGLOfflineStorage.h */,
				17F8819124AA4474AF1D5F96 /* MGLOverlay.h */,
				83B9B4BAB390401A8DABB6AA /* MGLPointAnnotation.h */,
				A7098FF7C3724DB7B1B33045 /* MGLPolygon.h */,
				B58A084ACED946AFBC15975A /* MGLPolyline.h */,
				243DCB7262B14841A264D4B2 /* MGLShape.h */,
				9FAB7A41801943D98A2496CC /* MGLStyle.h */,
				F1FB5F63351744F8A839E5DF /* MGLTilePyramidOfflineRegion.h */,
				39410847BB564E95864320B6 /* MGLTypes.h */,
				EED952EEE89548A39D51A0B6 /* MGLUserLocation.h */,
			);
			name = Plugins;
			path = "MapboxTrial/Plugins";
			sourceTree = SOURCE_ROOT;
		};
		EB87FDF11871DA420020F90C /* Staging */ = {
			isa = PBXGroup;
			children = (
				F840E1F0165FE0F500CFE078 /* config.xml */,
				301BF56E109A69640062928A /* www */,
			);
			name = Staging;
			sourceTree = "<group>";
		};
/* End PBXGroup section */

/* Begin PBXNativeTarget section */
		1D6058900D05DD3D006BFB54 /* MapboxTrial */ = {
			isa = PBXNativeTarget;
			buildConfigurationList = 1D6058960D05DD3E006BFB54 /* Build configuration list for PBXNativeTarget "MapboxTrial" */;
			buildPhases = (
				304B58A110DAC018002A0835 /* Copy www directory */,
				1D60588D0D05DD3D006BFB54 /* Resources */,
				1D60588E0D05DD3D006BFB54 /* Sources */,
				1D60588F0D05DD3D006BFB54 /* Frameworks */,
			);
			buildRules = (
			);
			dependencies = (
				301BF551109A68C00062928A /* PBXTargetDependency */,
			);
			name = "MapboxTrial";
			productName = "MapboxTrial";
			productReference = 1D6058910D05DD3D006BFB54 /* MapboxTrial.app */;
			productType = "com.apple.product-type.application";
		};
/* End PBXNativeTarget section */

/* Begin PBXProject section */
		29B97313FDCFA39411CA2CEA /* Project object */ = {
			isa = PBXProject;
			attributes = {
				LastUpgradeCheck = 510;
			};
			buildConfigurationList = C01FCF4E08A954540054247B /* Build configuration list for PBXProject "__NON-CLI__" */;
			compatibilityVersion = "Xcode 3.2";
			developmentRegion = English;
			hasScannedForEncodings = 1;
			mainGroup = 29B97314FDCFA39411CA2CEA /* CustomTemplate */;
			projectDirPath = "";
			projectReferences = (
				{
					ProductGroup = 301BF52E109A57CC0062928A /* Products */;
					ProjectRef = 301BF52D109A57CC0062928A /* CordovaLib.xcodeproj */;
				},
			);
			projectRoot = "";
			targets = (
				1D6058900D05DD3D006BFB54 /* MapboxTrial */,
			);
		};
/* End PBXProject section */

/* Begin PBXReferenceProxy section */
		301BF535109A57CC0062928A /* libCordova.a */ = {
			isa = PBXReferenceProxy;
			fileType = archive.ar;
			path = libCordova.a;
			remoteRef = 301BF534109A57CC0062928A /* PBXContainerItemProxy */;
			sourceTree = BUILT_PRODUCTS_DIR;
		};
/* End PBXReferenceProxy section */

/* Begin PBXResourcesBuildPhase section */
		1D60588D0D05DD3D006BFB54 /* Resources */ = {
			isa = PBXResourcesBuildPhase;
			buildActionMask = 2147483647;
			files = (
				302D95F214D2391D003F00A1 /* MainViewController.xib in Resources */,
				0207DA581B56EA530066E2B4 /* Images.xcassets in Resources */,
				6AFF5BF91D6E424B00AB3073 /* CDVLaunchScreen.storyboard in Resources */,
				AEEC36D54C084E8CAB62A59F /* Images.xcassets in Resources */,
				2388A2FBEC9F4115B9B1FE77 /* Mapbox.bundle in Resources */,
				928955A1E09945F981D04147 /* Settings.bundle in Resources */,
			);
			runOnlyForDeploymentPostprocessing = 0;
		};
/* End PBXResourcesBuildPhase section */

/* Begin PBXShellScriptBuildPhase section */
		304B58A110DAC018002A0835 /* Copy www directory */ = {
			isa = PBXShellScriptBuildPhase;
			buildActionMask = 2147483647;
			files = (
			);
			inputPaths = (
			);
			name = "Copy www directory";
			outputPaths = (
			);
			runOnlyForDeploymentPostprocessing = 0;
			shellPath = /bin/sh;
			shellScript = "NODEJS_PATH=/usr/local/bin; NVM_NODE_PATH=~/.nvm/versions/node/`nvm version 2>/dev/null`/bin; N_NODE_PATH=`find /usr/local/n/versions/node/* -maxdepth 0 -type d 2>/dev/null | tail -1`/bin; XCODE_NODE_PATH=`xcode-select --print-path`/usr/share/xcs/Node/bin; PATH=$NODEJS_PATH:$NVM_NODE_PATH:$N_NODE_PATH:$XCODE_NODE_PATH:$PATH && node cordova/lib/copy-www-build-step.js";
			showEnvVarsInLog = 0;
		};
/* End PBXShellScriptBuildPhase section */

/* Begin PBXSourcesBuildPhase section */
		1D60588E0D05DD3D006BFB54 /* Sources */ = {
			isa = PBXSourcesBuildPhase;
			buildActionMask = 2147483647;
			files = (
				1D60589B0D05DD56006BFB54 /* main.m in Sources */,
				1D3623260D0F684500981E51 /* AppDelegate.m in Sources */,
				302D95F114D2391D003F00A1 /* MainViewController.m in Sources */,
				5F7A3A16702E4DAFB86F15AC /* CDVMapbox.m in Sources */,
				6D69E5DD4D4A4B5BA12C1204 /* Map.m in Sources */,
				7B1B1BF478DD429FA52D075A /* MapController.m in Sources */,
				F14161D293D3495AB819E1CA /* MapOverlayDebugLayer.m in Sources */,
				C3D2EE8F2C0D44D6819AE6F4 /* MapsManager.m in Sources */,
				F56F9D2E3B9147598342A24E /* PluginLayout.m in Sources */,
				675A350C6E1641609C7A2568 /* PluginScrollLayout.m in Sources */,
				4612CDA149AD45019C8394A0 /* UnuAnnotation.m in Sources */,
			);
			runOnlyForDeploymentPostprocessing = 0;
		};
/* End PBXSourcesBuildPhase section */

/* Begin PBXTargetDependency section */
		301BF551109A68C00062928A /* PBXTargetDependency */ = {
			isa = PBXTargetDependency;
			name = CordovaLib;
			targetProxy = 301BF550109A68C00062928A /* PBXContainerItemProxy */;
		};
/* End PBXTargetDependency section */

/* Begin XCBuildConfiguration section */
		1D6058940D05DD3E006BFB54 /* Debug */ = {
			isa = XCBuildConfiguration;
			baseConfigurationReference = 3047A50F1AB8059700498E2A /* build-debug.xcconfig */;
			buildSettings = {
				ALWAYS_SEARCH_USER_PATHS = NO;
				ASSETCATALOG_COMPILER_APPICON_NAME = AppIcon;
				ASSETCATALOG_COMPILER_LAUNCHIMAGE_NAME = LaunchImage;
				CLANG_ENABLE_MODULES = YES;
				CLANG_ENABLE_OBJC_ARC = YES;
				COPY_PHASE_STRIP = NO;
				GCC_DYNAMIC_NO_PIC = NO;
				GCC_OPTIMIZATION_LEVEL = 0;
				GCC_PRECOMPILE_PREFIX_HEADER = YES;
				GCC_PREFIX_HEADER = "MapboxTrial/MapboxTrial-Prefix.pch";
				GCC_THUMB_SUPPORT = NO;
				GCC_VERSION = "";
				INFOPLIST_FILE = "MapboxTrial/MapboxTrial-Info.plist";
				IPHONEOS_DEPLOYMENT_TARGET = 8.0;
				LD_RUNPATH_SEARCH_PATHS = "@executable_path/Frameworks";
				TARGETED_DEVICE_FAMILY = "1,2";
				PRODUCT_NAME = "MapboxTrial";
				FRAMEWORK_SEARCH_PATHS = (
					"$(inherited)",
					"\"MapboxTrial/Plugins/cordova-plugin-mapbox\"",
				);
			};
			name = Debug;
		};
		1D6058950D05DD3E006BFB54 /* Release */ = {
			isa = XCBuildConfiguration;
			baseConfigurationReference = 3047A5101AB8059700498E2A /* build-release.xcconfig */;
			buildSettings = {
				ALWAYS_SEARCH_USER_PATHS = NO;
				ASSETCATALOG_COMPILER_APPICON_NAME = AppIcon;
				ASSETCATALOG_COMPILER_LAUNCHIMAGE_NAME = LaunchImage;
				CLANG_ENABLE_MODULES = YES;
				CLANG_ENABLE_OBJC_ARC = YES;
				COPY_PHASE_STRIP = YES;
				GCC_PRECOMPILE_PREFIX_HEADER = YES;
				GCC_PREFIX_HEADER = "MapboxTrial/MapboxTrial-Prefix.pch";
				GCC_THUMB_SUPPORT = NO;
				GCC_VERSION = "";
				INFOPLIST_FILE = "MapboxTrial/MapboxTrial-Info.plist";
				IPHONEOS_DEPLOYMENT_TARGET = 8.0;
				LD_RUNPATH_SEARCH_PATHS = "@executable_path/Frameworks";
				TARGETED_DEVICE_FAMILY = "1,2";
				PRODUCT_NAME = "MapboxTrial";
				FRAMEWORK_SEARCH_PATHS = (
					"$(inherited)",
					"\"MapboxTrial/Plugins/cordova-plugin-mapbox\"",
				);
			};
			name = Release;
		};
		C01FCF4F08A954540054247B /* Debug */ = {
			isa = XCBuildConfiguration;
			baseConfigurationReference = 3047A5111AB8059700498E2A /* build.xcconfig */;
			buildSettings = {
				CLANG_ENABLE_MODULES = YES;
				CLANG_ENABLE_OBJC_ARC = YES;
				CLANG_WARN_BOOL_CONVERSION = YES;
				CLANG_WARN_CONSTANT_CONVERSION = YES;
				CLANG_WARN_EMPTY_BODY = YES;
				CLANG_WARN_ENUM_CONVERSION = YES;
				CLANG_WARN_INT_CONVERSION = YES;
				CLANG_WARN__DUPLICATE_METHOD_MATCH = YES;
				GCC_C_LANGUAGE_STANDARD = c99;
				GCC_THUMB_SUPPORT = NO;
				GCC_VERSION = "";
				GCC_WARN_ABOUT_RETURN_TYPE = YES;
				GCC_WARN_UNDECLARED_SELECTOR = YES;
				GCC_WARN_UNINITIALIZED_AUTOS = YES;
				GCC_WARN_UNUSED_FUNCTION = YES;
				GCC_WARN_UNUSED_VARIABLE = YES;
				ONLY_ACTIVE_ARCH = YES;
				SDKROOT = iphoneos;
				SKIP_INSTALL = NO;
			};
			name = Debug;
		};
		C01FCF5008A954540054247B /* Release */ = {
			isa = XCBuildConfiguration;
			baseConfigurationReference = 3047A5111AB8059700498E2A /* build.xcconfig */;
			buildSettings = {
				CLANG_ENABLE_MODULES = YES;
				CLANG_ENABLE_OBJC_ARC = YES;
				CLANG_WARN_BOOL_CONVERSION = YES;
				CLANG_WARN_CONSTANT_CONVERSION = YES;
				CLANG_WARN_EMPTY_BODY = YES;
				CLANG_WARN_ENUM_CONVERSION = YES;
				CLANG_WARN_INT_CONVERSION = YES;
				CLANG_WARN__DUPLICATE_METHOD_MATCH = YES;
				GCC_C_LANGUAGE_STANDARD = c99;
				GCC_THUMB_SUPPORT = NO;
				GCC_VERSION = "";
				GCC_WARN_ABOUT_RETURN_TYPE = YES;
				GCC_WARN_UNDECLARED_SELECTOR = YES;
				GCC_WARN_UNINITIALIZED_AUTOS = YES;
				GCC_WARN_UNUSED_FUNCTION = YES;
				GCC_WARN_UNUSED_VARIABLE = YES;
				SDKROOT = iphoneos;
				SKIP_INSTALL = NO;
			};
			name = Release;
		};
/* End XCBuildConfiguration section */

/* Begin XCConfigurationList section */
		1D6058960D05DD3E006BFB54 /* Build configuration list for PBXNativeTarget "MapboxTrial" */ = {
			isa = XCConfigurationList;
			buildConfigurations = (
				1D6058940D05DD3E006BFB54 /* Debug */,
				1D6058950D05DD3E006BFB54 /* Release */,
			);
			defaultConfigurationIsVisible = 0;
			defaultConfigurationName = Release;
		};
		C01FCF4E08A954540054247B /* Build configuration list for PBXProject "__NON-CLI__" */ = {
			isa = XCConfigurationList;
			buildConfigurations = (
				C01FCF4F08A954540054247B /* Debug */,
				C01FCF5008A954540054247B /* Release */,
			);
			defaultConfigurationIsVisible = 0;
			defaultConfigurationName = Release;
		};
/* End XCConfigurationList section */
	};
	rootObject = 29B97313FDCFA39411CA2CEA /* Project object */;
}
