// !$*UTF8*$!
{
	archiveVersion = 1;
	classes = {
	};
	objectVersion = 46;
	objects = {
/* Begin PBXBuildFile section */
		0207DA581B56EA530066E2B4 /* Images.xcassets in Resources */ = {isa = PBXBuildFile; fileRef = 0207DA571B56EA530066E2B4 /* Images.xcassets */; };
		1D3623260D0F684500981E51 /* AppDelegate.m in Sources */ = {isa = PBXBuildFile; fileRef = 1D3623250D0F684500981E51 /* AppDelegate.m */; };
		1D60589B0D05DD56006BFB54 /* main.m in Sources */ = {isa = PBXBuildFile; fileRef = 29B97316FDCFA39411CA2CEA /* main.m */; };
		301BF552109A68D80062928A /* libCordova.a in Frameworks */ = {isa = PBXBuildFile; fileRef = 301BF535109A57CC0062928A /* libCordova.a */; };
		302D95F114D2391D003F00A1 /* MainViewController.m in Sources */ = {isa = PBXBuildFile; fileRef = 302D95EF14D2391D003F00A1 /* MainViewController.m */; };
		302D95F214D2391D003F00A1 /* MainViewController.xib in Resources */ = {isa = PBXBuildFile; fileRef = 302D95F014D2391D003F00A1 /* MainViewController.xib */; };
		3047A5121AB8059700498E2A /* build-debug.xcconfig in Resources */ = {isa = PBXBuildFile; fileRef = 3047A50F1AB8059700498E2A /* build-debug.xcconfig */; };
		3047A5131AB8059700498E2A /* build-release.xcconfig in Resources */ = {isa = PBXBuildFile; fileRef = 3047A5101AB8059700498E2A /* build-release.xcconfig */; };
		3047A5141AB8059700498E2A /* build.xcconfig in Resources */ = {isa = PBXBuildFile; fileRef = 3047A5111AB8059700498E2A /* build.xcconfig */; };
		6AFF5BF91D6E424B00AB3073 /* CDVLaunchScreen.storyboard in Resources */ = {isa = PBXBuildFile; fileRef = 6AFF5BF81D6E424B00AB3073 /* CDVLaunchScreen.storyboard */; };
		23793F0E3AAF4EE6B29AD0AD /* CDVMapbox.m in Sources */ = {isa = PBXBuildFile; fileRef = 192C9C58CC3F4639A4C4AECE /* CDVMapbox.m */; };
		1CDB1AFA87A243F1A98B0B4F /* Map.m in Sources */ = {isa = PBXBuildFile; fileRef = E48DC832D6034D4E900BA644 /* Map.m */; };
		F39B3CA5977740008C766E56 /* MapController.m in Sources */ = {isa = PBXBuildFile; fileRef = 305DA2FE427A448B90B67B2A /* MapController.m */; };
		5071192426FA40CDBFE249BD /* MapOverlayDebugLayer.m in Sources */ = {isa = PBXBuildFile; fileRef = 0022D1A66C6842C7B3673B48 /* MapOverlayDebugLayer.m */; };
		885B63C4B0C041C3A1B80E74 /* MapsManager.m in Sources */ = {isa = PBXBuildFile; fileRef = 1E91D301131A409DA5247A1D /* MapsManager.m */; };
		706D56A19B064D30852DF809 /* PluginLayout.m in Sources */ = {isa = PBXBuildFile; fileRef = 39540624E8C449FEBBFD0E3F /* PluginLayout.m */; };
		5F6BAB58081B454CB021CC40 /* PluginScrollLayout.m in Sources */ = {isa = PBXBuildFile; fileRef = 366BDBF7F74147F0912B3836 /* PluginScrollLayout.m */; };
		96520A3AA9C34D37BF26A7C9 /* Mapbox.bundle in Resources */ = {isa = PBXBuildFile; fileRef = 7BFEA9B46D144A3BA8D2F93F /* Mapbox.bundle */; };
		06FB922ECAE74C54B8B5CF91 /* Settings.bundle in Resources */ = {isa = PBXBuildFile; fileRef = 4A7BD7C929C740449E9E2ED3 /* Settings.bundle */; };
		AF2A2CBA8B5C4ED3847C41D0 /* Mapbox.framework in Frameworks */ = {isa = PBXBuildFile; fileRef = 33ACA518FFC541439D37126A /* Mapbox.framework */; };
		B7750FFB61394D158C56FF23 /* GLKit.framework in Frameworks */ = {isa = PBXBuildFile; fileRef = 489A59D3710D4FBE80040FAA /* GLKit.framework */; settings = {ATTRIBUTES = (Weak, ); }; };
		812C1D519AFC4A1B9743CE3F /* ImageIO.framework in Frameworks */ = {isa = PBXBuildFile; fileRef = 135646E20FCC43A69D85764D /* ImageIO.framework */; settings = {ATTRIBUTES = (Weak, ); }; };
		37FEC77E2BFF4C2BA3BBBDA3 /* QuartzCore.framework in Frameworks */ = {isa = PBXBuildFile; fileRef = 8650C292D11B415AA6D8E22C /* QuartzCore.framework */; settings = {ATTRIBUTES = (Weak, ); }; };
		CBEC4A585C414292822E64C0 /* SystemConfiguration.framework in Frameworks */ = {isa = PBXBuildFile; fileRef = BDDD73DDF3E149B0AEEB3FFF /* SystemConfiguration.framework */; settings = {ATTRIBUTES = (Weak, ); }; };
		6F7511B313714444AAE2C11E /* libc++.dylib in Frameworks */ = {isa = PBXBuildFile; fileRef = 7C1F6FBAD32143C6812C5F0D /* libc++.dylib */; settings = {ATTRIBUTES = (Weak, ); }; };
		008C602F157A45178B3AC7E1 /* libsqlite3.dylib in Frameworks */ = {isa = PBXBuildFile; fileRef = 858896B0353D4CA29D602FDB /* libsqlite3.dylib */; settings = {ATTRIBUTES = (Weak, ); }; };
		6B159985C97941FBB2AD07DE /* libz.dylib in Frameworks */ = {isa = PBXBuildFile; fileRef = CFAC0CBBE8AE4C018365BAEC /* libz.dylib */; settings = {ATTRIBUTES = (Weak, ); }; };
/* End PBXBuildFile section */

/* Begin PBXContainerItemProxy section */
		301BF534109A57CC0062928A /* PBXContainerItemProxy */ = {
			isa = PBXContainerItemProxy;
			containerPortal = 301BF52D109A57CC0062928A /* CordovaLib.xcodeproj */;
			proxyType = 2;
			remoteGlobalIDString = D2AAC07E0554694100DB518D;
			remoteInfo = CordovaLib;
		};
		301BF550109A68C00062928A /* PBXContainerItemProxy */ = {
			isa = PBXContainerItemProxy;
			containerPortal = 301BF52D109A57CC0062928A /* CordovaLib.xcodeproj */;
			proxyType = 1;
			remoteGlobalIDString = D2AAC07D0554694100DB518D;
			remoteInfo = CordovaLib;
		};
/* End PBXContainerItemProxy section */

/* Begin PBXFileReference section */
		0207DA571B56EA530066E2B4 /* Images.xcassets */ = {isa = PBXFileReference; lastKnownFileType = folder.assetcatalog; name = Images.xcassets; path = "MapboxTrial/Images.xcassets"; sourceTree = SOURCE_ROOT; };
		1D3623240D0F684500981E51 /* AppDelegate.h */ = {isa = PBXFileReference; fileEncoding = 4; lastKnownFileType = sourcecode.c.h; path = AppDelegate.h; sourceTree = "<group>"; };
		1D3623250D0F684500981E51 /* AppDelegate.m */ = {isa = PBXFileReference; fileEncoding = 4; lastKnownFileType = sourcecode.c.objc; path = AppDelegate.m; sourceTree = "<group>"; };
		1D6058910D05DD3D006BFB54 /* MapboxTrial.app */ = {isa = PBXFileReference; explicitFileType = wrapper.application; includeInIndex = 0; path = "MapboxTrial.app"; sourceTree = BUILT_PRODUCTS_DIR; };
		29B97316FDCFA39411CA2CEA /* main.m */ = {isa = PBXFileReference; fileEncoding = 4; lastKnownFileType = sourcecode.c.objc; path = main.m; sourceTree = "<group>"; };
		301BF52D109A57CC0062928A /* CordovaLib.xcodeproj */ = {isa = PBXFileReference; lastKnownFileType = "wrapper.pb-project"; name = CordovaLib.xcodeproj; path = CordovaLib/CordovaLib.xcodeproj; sourceTree = "<group>"; };
		301BF56E109A69640062928A /* www */ = {isa = PBXFileReference; lastKnownFileType = folder; path = www; sourceTree = SOURCE_ROOT; };
		302D95EE14D2391D003F00A1 /* MainViewController.h */ = {isa = PBXFileReference; fileEncoding = 4; lastKnownFileType = sourcecode.c.h; path = MainViewController.h; sourceTree = "<group>"; };
		302D95EF14D2391D003F00A1 /* MainViewController.m */ = {isa = PBXFileReference; fileEncoding = 4; lastKnownFileType = sourcecode.c.objc; path = MainViewController.m; sourceTree = "<group>"; };
		302D95F014D2391D003F00A1 /* MainViewController.xib */ = {isa = PBXFileReference; fileEncoding = 4; lastKnownFileType = file.xib; path = MainViewController.xib; sourceTree = "<group>"; };
		3047A50F1AB8059700498E2A /* build-debug.xcconfig */ = {isa = PBXFileReference; fileEncoding = 4; lastKnownFileType = text.xcconfig; name = "build-debug.xcconfig"; path = cordova/build-debug.xcconfig; sourceTree = SOURCE_ROOT; };
		3047A5101AB8059700498E2A /* build-release.xcconfig */ = {isa = PBXFileReference; fileEncoding = 4; lastKnownFileType = text.xcconfig; name = "build-release.xcconfig"; path = cordova/build-release.xcconfig; sourceTree = SOURCE_ROOT; };
		3047A5111AB8059700498E2A /* build.xcconfig */ = {isa = PBXFileReference; fileEncoding = 4; lastKnownFileType = text.xcconfig; name = build.xcconfig; path = cordova/build.xcconfig; sourceTree = SOURCE_ROOT; };
		32CA4F630368D1EE00C91783 /* MapboxTrial-Prefix.pch */ = {isa = PBXFileReference; fileEncoding = 4; lastKnownFileType = sourcecode.c.h; path = "MapboxTrial-Prefix.pch"; sourceTree = "<group>"; };
		6AFF5BF81D6E424B00AB3073 /* CDVLaunchScreen.storyboard */ = {isa = PBXFileReference; fileEncoding = 4; lastKnownFileType = file.storyboard; name = CDVLaunchScreen.storyboard; path = "MapboxTrial/CDVLaunchScreen.storyboard"; sourceTree = SOURCE_ROOT; };
		8D1107310486CEB800E47090 /* MapboxTrial-Info.plist */ = {isa = PBXFileReference; fileEncoding = 4; lastKnownFileType = text.plist.xml; name = "MapboxTrial-Info.plist"; path = "MapboxTrial/MapboxTrial-Info.plist"; plistStructureDefinitionIdentifier = "com.apple.xcode.plist.structure-definition.iphone.info-plist"; sourceTree = SOURCE_ROOT; };
		EB87FDF31871DA8E0020F90C /* www */ = {isa = PBXFileReference; lastKnownFileType = folder; name = www; path = ../../www; sourceTree = "<group>"; };
		EB87FDF41871DAF40020F90C /* config.xml */ = {isa = PBXFileReference; lastKnownFileType = text.xml; name = config.xml; path = ../../config.xml; sourceTree = "<group>"; };
		F840E1F0165FE0F500CFE078 /* config.xml */ = {isa = PBXFileReference; lastKnownFileType = text.xml; name = config.xml; path = "MapboxTrial/config.xml"; sourceTree = "<group>"; };
		ED33DF2A687741AEAF9F8254 /* Bridging-Header.h */ = {isa = PBXFileReference; fileEncoding = 4; lastKnownFileType = sourcecode.c.h; name = "Bridging-Header.h"; path = "Bridging-Header.h"; sourceTree = "<group>"; };
		192C9C58CC3F4639A4C4AECE /* CDVMapbox.m */ = {isa = PBXFileReference; name = "CDVMapbox.m"; path = "cordova-plugin-mapbox/CDVMapbox.m"; sourceTree = "<group>"; fileEncoding = 4; lastKnownFileType = sourcecode.c.objc; explicitFileType = undefined; includeInIndex = 0; };
		E48DC832D6034D4E900BA644 /* Map.m */ = {isa = PBXFileReference; name = "Map.m"; path = "cordova-plugin-mapbox/Map.m"; sourceTree = "<group>"; fileEncoding = 4; lastKnownFileType = sourcecode.c.objc; explicitFileType = undefined; includeInIndex = 0; };
		305DA2FE427A448B90B67B2A /* MapController.m */ = {isa = PBXFileReference; name = "MapController.m"; path = "cordova-plugin-mapbox/MapController.m"; sourceTree = "<group>"; fileEncoding = 4; lastKnownFileType = sourcecode.c.objc; explicitFileType = undefined; includeInIndex = 0; };
		0022D1A66C6842C7B3673B48 /* MapOverlayDebugLayer.m */ = {isa = PBXFileReference; name = "MapOverlayDebugLayer.m"; path = "cordova-plugin-mapbox/MapOverlayDebugLayer.m"; sourceTree = "<group>"; fileEncoding = 4; lastKnownFileType = sourcecode.c.objc; explicitFileType = undefined; includeInIndex = 0; };
		1E91D301131A409DA5247A1D /* MapsManager.m */ = {isa = PBXFileReference; name = "MapsManager.m"; path = "cordova-plugin-mapbox/MapsManager.m"; sourceTree = "<group>"; fileEncoding = 4; lastKnownFileType = sourcecode.c.objc; explicitFileType = undefined; includeInIndex = 0; };
		39540624E8C449FEBBFD0E3F /* PluginLayout.m */ = {isa = PBXFileReference; name = "PluginLayout.m"; path = "cordova-plugin-mapbox/PluginLayout.m"; sourceTree = "<group>"; fileEncoding = 4; lastKnownFileType = sourcecode.c.objc; explicitFileType = undefined; includeInIndex = 0; };
		366BDBF7F74147F0912B3836 /* PluginScrollLayout.m */ = {isa = PBXFileReference; name = "PluginScrollLayout.m"; path = "cordova-plugin-mapbox/PluginScrollLayout.m"; sourceTree = "<group>"; fileEncoding = 4; lastKnownFileType = sourcecode.c.objc; explicitFileType = undefined; includeInIndex = 0; };
		746EC7F5C7994BD4A27D6A36 /* CDVMapbox.h */ = {isa = PBXFileReference; name = "CDVMapbox.h"; path = "cordova-plugin-mapbox/CDVMapbox.h"; sourceTree = "<group>"; fileEncoding = 4; lastKnownFileType = sourcecode.c.h; explicitFileType = undefined; includeInIndex = 0; };
		DC728F743E1F401CB90EAEC7 /* Map.h */ = {isa = PBXFileReference; name = "Map.h"; path = "cordova-plugin-mapbox/Map.h"; sourceTree = "<group>"; fileEncoding = 4; lastKnownFileType = sourcecode.c.h; explicitFileType = undefined; includeInIndex = 0; };
		32753D2A31EC4A27AD1A970C /* MapController.h */ = {isa = PBXFileReference; name = "MapController.h"; path = "cordova-plugin-mapbox/MapController.h"; sourceTree = "<group>"; fileEncoding = 4; lastKnownFileType = sourcecode.c.h; explicitFileType = undefined; includeInIndex = 0; };
		F4087AF5D2A94232900125A8 /* MapOverlayDebugLayer.h */ = {isa = PBXFileReference; name = "MapOverlayDebugLayer.h"; path = "cordova-plugin-mapbox/MapOverlayDebugLayer.h"; sourceTree = "<group>"; fileEncoding = 4; lastKnownFileType = sourcecode.c.h; explicitFileType = undefined; includeInIndex = 0; };
		AEFC152A009E4C9DACC8E7A1 /* MapsManager.h */ = {isa = PBXFileReference; name = "MapsManager.h"; path = "cordova-plugin-mapbox/MapsManager.h"; sourceTree = "<group>"; fileEncoding = 4; lastKnownFileType = sourcecode.c.h; explicitFileType = undefined; includeInIndex = 0; };
		32DB6433381641A9A2E89722 /* PluginLayout.h */ = {isa = PBXFileReference; name = "PluginLayout.h"; path = "cordova-plugin-mapbox/PluginLayout.h"; sourceTree = "<group>"; fileEncoding = 4; lastKnownFileType = sourcecode.c.h; explicitFileType = undefined; includeInIndex = 0; };
		B1D0C16B01B84DC0A4280D2F /* PluginScrollLayout.h */ = {isa = PBXFileReference; name = "PluginScrollLayout.h"; path = "cordova-plugin-mapbox/PluginScrollLayout.h"; sourceTree = "<group>"; fileEncoding = 4; lastKnownFileType = sourcecode.c.h; explicitFileType = undefined; includeInIndex = 0; };
		5652DA78CEAD4593A04E4E9A /* Mapbox.h */ = {isa = PBXFileReference; name = "Mapbox.h"; path = "cordova-plugin-mapbox/Mapbox.h"; sourceTree = "<group>"; fileEncoding = 4; lastKnownFileType = sourcecode.c.h; explicitFileType = undefined; includeInIndex = 0; };
		9D4B41C1EE2348BCBACC0350 /* MGLAccountManager.h */ = {isa = PBXFileReference; name = "MGLAccountManager.h"; path = "cordova-plugin-mapbox/MGLAccountManager.h"; sourceTree = "<group>"; fileEncoding = 4; lastKnownFileType = sourcecode.c.h; explicitFileType = undefined; includeInIndex = 0; };
		708EAD23ABD840D1975CE6B7 /* MGLAnnotation.h */ = {isa = PBXFileReference; name = "MGLAnnotation.h"; path = "cordova-plugin-mapbox/MGLAnnotation.h"; sourceTree = "<group>"; fileEncoding = 4; lastKnownFileType = sourcecode.c.h; explicitFileType = undefined; includeInIndex = 0; };
		5675B2B1BB4141CC8A20B67D /* MGLAnnotationImage.h */ = {isa = PBXFileReference; name = "MGLAnnotationImage.h"; path = "cordova-plugin-mapbox/MGLAnnotationImage.h"; sourceTree = "<group>"; fileEncoding = 4; lastKnownFileType = sourcecode.c.h; explicitFileType = undefined; includeInIndex = 0; };
		C7608CEC60844C25A561BD89 /* MGLCalloutView.h */ = {isa = PBXFileReference; name = "MGLCalloutView.h"; path = "cordova-plugin-mapbox/MGLCalloutView.h"; sourceTree = "<group>"; fileEncoding = 4; lastKnownFileType = sourcecode.c.h; explicitFileType = undefined; includeInIndex = 0; };
		997CE258AD124A6A9E7C38C8 /* MGLGeometry.h */ = {isa = PBXFileReference; name = "MGLGeometry.h"; path = "cordova-plugin-mapbox/MGLGeometry.h"; sourceTree = "<group>"; fileEncoding = 4; lastKnownFileType = sourcecode.c.h; explicitFileType = undefined; includeInIndex = 0; };
		6128D05A0C044C8197EB13DF /* MGLMapCamera.h */ = {isa = PBXFileReference; name = "MGLMapCamera.h"; path = "cordova-plugin-mapbox/MGLMapCamera.h"; sourceTree = "<group>"; fileEncoding = 4; lastKnownFileType = sourcecode.c.h; explicitFileType = undefined; includeInIndex = 0; };
		A8B5C4DF34F641D298711925 /* MGLMapView.h */ = {isa = PBXFileReference; name = "MGLMapView.h"; path = "cordova-plugin-mapbox/MGLMapView.h"; sourceTree = "<group>"; fileEncoding = 4; lastKnownFileType = sourcecode.c.h; explicitFileType = undefined; includeInIndex = 0; };
		3C596C9687254EF8966BED56 /* MGLMapView+IBAdditions.h */ = {isa = PBXFileReference; name = "MGLMapView+IBAdditions.h"; path = "cordova-plugin-mapbox/MGLMapView+IBAdditions.h"; sourceTree = "<group>"; fileEncoding = 4; lastKnownFileType = sourcecode.c.h; explicitFileType = undefined; includeInIndex = 0; };
		092F51E780D94A0A9518A988 /* MGLMapView+MGLCustomStyleLayerAdditions.h */ = {isa = PBXFileReference; name = "MGLMapView+MGLCustomStyleLayerAdditions.h"; path = "cordova-plugin-mapbox/MGLMapView+MGLCustomStyleLayerAdditions.h"; sourceTree = "<group>"; fileEncoding = 4; lastKnownFileType = sourcecode.c.h; explicitFileType = undefined; includeInIndex = 0; };
		2FD7FE016C0540B7AB062B6F /* MGLMultiPoint.h */ = {isa = PBXFileReference; name = "MGLMultiPoint.h"; path = "cordova-plugin-mapbox/MGLMultiPoint.h"; sourceTree = "<group>"; fileEncoding = 4; lastKnownFileType = sourcecode.c.h; explicitFileType = undefined; includeInIndex = 0; };
		7A8523FA3F4B4FF3BEC927AF /* MGLOfflinePack.h */ = {isa = PBXFileReference; name = "MGLOfflinePack.h"; path = "cordova-plugin-mapbox/MGLOfflinePack.h"; sourceTree = "<group>"; fileEncoding = 4; lastKnownFileType = sourcecode.c.h; explicitFileType = undefined; includeInIndex = 0; };
		1C5354E68CA94C49BCED409E /* MGLOfflineRegion.h */ = {isa = PBXFileReference; name = "MGLOfflineRegion.h"; path = "cordova-plugin-mapbox/MGLOfflineRegion.h"; sourceTree = "<group>"; fileEncoding = 4; lastKnownFileType = sourcecode.c.h; explicitFileType = undefined; includeInIndex = 0; };
		897E986BB42D4F128F00F2E3 /* MGLOfflineStorage.h */ = {isa = PBXFileReference; name = "MGLOfflineStorage.h"; path = "cordova-plugin-mapbox/MGLOfflineStorage.h"; sourceTree = "<group>"; fileEncoding = 4; lastKnownFileType = sourcecode.c.h; explicitFileType = undefined; includeInIndex = 0; };
		C77D98B3B759498C967B7709 /* MGLOverlay.h */ = {isa = PBXFileReference; name = "MGLOverlay.h"; path = "cordova-plugin-mapbox/MGLOverlay.h"; sourceTree = "<group>"; fileEncoding = 4; lastKnownFileType = sourcecode.c.h; explicitFileType = undefined; includeInIndex = 0; };
		97ACF385148F46C083EE2889 /* MGLPointAnnotation.h */ = {isa = PBXFileReference; name = "MGLPointAnnotation.h"; path = "cordova-plugin-mapbox/MGLPointAnnotation.h"; sourceTree = "<group>"; fileEncoding = 4; lastKnownFileType = sourcecode.c.h; explicitFileType = undefined; includeInIndex = 0; };
		F1605D4D5A5E4AE2A6155812 /* MGLPolygon.h */ = {isa = PBXFileReference; name = "MGLPolygon.h"; path = "cordova-plugin-mapbox/MGLPolygon.h"; sourceTree = "<group>"; fileEncoding = 4; lastKnownFileType = sourcecode.c.h; explicitFileType = undefined; includeInIndex = 0; };
		CB33FF6828C74E7B82C5B062 /* MGLPolyline.h */ = {isa = PBXFileReference; name = "MGLPolyline.h"; path = "cordova-plugin-mapbox/MGLPolyline.h"; sourceTree = "<group>"; fileEncoding = 4; lastKnownFileType = sourcecode.c.h; explicitFileType = undefined; includeInIndex = 0; };
		4870E0D10A384DF39477F37E /* MGLShape.h */ = {isa = PBXFileReference; name = "MGLShape.h"; path = "cordova-plugin-mapbox/MGLShape.h"; sourceTree = "<group>"; fileEncoding = 4; lastKnownFileType = sourcecode.c.h; explicitFileType = undefined; includeInIndex = 0; };
		A0443558082A4FAEB08F674A /* MGLStyle.h */ = {isa = PBXFileReference; name = "MGLStyle.h"; path = "cordova-plugin-mapbox/MGLStyle.h"; sourceTree = "<group>"; fileEncoding = 4; lastKnownFileType = sourcecode.c.h; explicitFileType = undefined; includeInIndex = 0; };
		9DC7EDB0E66C4C828CC0493E /* MGLTilePyramidOfflineRegion.h */ = {isa = PBXFileReference; name = "MGLTilePyramidOfflineRegion.h"; path = "cordova-plugin-mapbox/MGLTilePyramidOfflineRegion.h"; sourceTree = "<group>"; fileEncoding = 4; lastKnownFileType = sourcecode.c.h; explicitFileType = undefined; includeInIndex = 0; };
		2672B38ED9434118A13309EA /* MGLTypes.h */ = {isa = PBXFileReference; name = "MGLTypes.h"; path = "cordova-plugin-mapbox/MGLTypes.h"; sourceTree = "<group>"; fileEncoding = 4; lastKnownFileType = sourcecode.c.h; explicitFileType = undefined; includeInIndex = 0; };
		4760A548CB7046B6A6377A93 /* MGLUserLocation.h */ = {isa = PBXFileReference; name = "MGLUserLocation.h"; path = "cordova-plugin-mapbox/MGLUserLocation.h"; sourceTree = "<group>"; fileEncoding = 4; lastKnownFileType = sourcecode.c.h; explicitFileType = undefined; includeInIndex = 0; };
		7BFEA9B46D144A3BA8D2F93F /* Mapbox.bundle */ = {isa = PBXFileReference; name = "Mapbox.bundle"; path = "Mapbox.bundle"; sourceTree = "<group>"; fileEncoding = undefined; lastKnownFileType = wrapper.plug-in; explicitFileType = undefined; includeInIndex = 0; };
		4A7BD7C929C740449E9E2ED3 /* Settings.bundle */ = {isa = PBXFileReference; name = "Settings.bundle"; path = "Settings.bundle"; sourceTree = "<group>"; fileEncoding = undefined; lastKnownFileType = wrapper.plug-in; explicitFileType = undefined; includeInIndex = 0; };
		33ACA518FFC541439D37126A /* Mapbox.framework */ = {isa = PBXFileReference; name = "Mapbox.framework"; path = "MapboxTrial/Plugins/cordova-plugin-mapbox/Mapbox.framework"; sourceTree = "<group>"; fileEncoding = undefined; lastKnownFileType = wrapper.framework; explicitFileType = undefined; includeInIndex = 0; };
		489A59D3710D4FBE80040FAA /* GLKit.framework */ = {isa = PBXFileReference; name = "GLKit.framework"; path = "System/Library/Frameworks/GLKit.framework"; sourceTree = SDKROOT; fileEncoding = undefined; lastKnownFileType = wrapper.framework; explicitFileType = undefined; includeInIndex = 0; };
		135646E20FCC43A69D85764D /* ImageIO.framework */ = {isa = PBXFileReference; name = "ImageIO.framework"; path = "System/Library/Frameworks/ImageIO.framework"; sourceTree = SDKROOT; fileEncoding = undefined; lastKnownFileType = wrapper.framework; explicitFileType = undefined; includeInIndex = 0; };
		8650C292D11B415AA6D8E22C /* QuartzCore.framework */ = {isa = PBXFileReference; name = "QuartzCore.framework"; path = "System/Library/Frameworks/QuartzCore.framework"; sourceTree = SDKROOT; fileEncoding = undefined; lastKnownFileType = wrapper.framework; explicitFileType = undefined; includeInIndex = 0; };
		BDDD73DDF3E149B0AEEB3FFF /* SystemConfiguration.framework */ = {isa = PBXFileReference; name = "SystemConfiguration.framework"; path = "System/Library/Frameworks/SystemConfiguration.framework"; sourceTree = SDKROOT; fileEncoding = undefined; lastKnownFileType = wrapper.framework; explicitFileType = undefined; includeInIndex = 0; };
		7C1F6FBAD32143C6812C5F0D /* libc++.dylib */ = {isa = PBXFileReference; name = "libc++.dylib"; path = "usr/lib/libc++.dylib"; sourceTree = SDKROOT; fileEncoding = undefined; lastKnownFileType = compiled.mach-o.dylib; explicitFileType = undefined; includeInIndex = 0; };
		858896B0353D4CA29D602FDB /* libsqlite3.dylib */ = {isa = PBXFileReference; name = "libsqlite3.dylib"; path = "usr/lib/libsqlite3.dylib"; sourceTree = SDKROOT; fileEncoding = undefined; lastKnownFileType = compiled.mach-o.dylib; explicitFileType = undefined; includeInIndex = 0; };
		CFAC0CBBE8AE4C018365BAEC /* libz.dylib */ = {isa = PBXFileReference; name = "libz.dylib"; path = "usr/lib/libz.dylib"; sourceTree = SDKROOT; fileEncoding = undefined; lastKnownFileType = compiled.mach-o.dylib; explicitFileType = undefined; includeInIndex = 0; };
/* End PBXFileReference section */

/* Begin PBXFrameworksBuildPhase section */
		1D60588F0D05DD3D006BFB54 /* Frameworks */ = {
			isa = PBXFrameworksBuildPhase;
			buildActionMask = 2147483647;
			files = (
				301BF552109A68D80062928A /* libCordova.a in Frameworks */,
				AF2A2CBA8B5C4ED3847C41D0 /* Mapbox.framework in Frameworks */,
				B7750FFB61394D158C56FF23 /* GLKit.framework in Frameworks */,
				812C1D519AFC4A1B9743CE3F /* ImageIO.framework in Frameworks */,
				37FEC77E2BFF4C2BA3BBBDA3 /* QuartzCore.framework in Frameworks */,
				CBEC4A585C414292822E64C0 /* SystemConfiguration.framework in Frameworks */,
				6F7511B313714444AAE2C11E /* libc++.dylib in Frameworks */,
				008C602F157A45178B3AC7E1 /* libsqlite3.dylib in Frameworks */,
				6B159985C97941FBB2AD07DE /* libz.dylib in Frameworks */,
			);
			runOnlyForDeploymentPostprocessing = 0;
		};
/* End PBXFrameworksBuildPhase section */

/* Begin PBXGroup section */
		080E96DDFE201D6D7F000001 /* Classes */ = {
			isa = PBXGroup;
			children = (
				302D95EE14D2391D003F00A1 /* MainViewController.h */,
				302D95EF14D2391D003F00A1 /* MainViewController.m */,
				302D95F014D2391D003F00A1 /* MainViewController.xib */,
				1D3623240D0F684500981E51 /* AppDelegate.h */,
				1D3623250D0F684500981E51 /* AppDelegate.m */,
			);
			name = Classes;
			path = "MapboxTrial/Classes";
			sourceTree = SOURCE_ROOT;
		};
		19C28FACFE9D520D11CA2CBB /* Products */ = {
			isa = PBXGroup;
			children = (
				1D6058910D05DD3D006BFB54 /* MapboxTrial.app */,
			);
			name = Products;
			sourceTree = "<group>";
		};
		29B97314FDCFA39411CA2CEA /* CustomTemplate */ = {
			isa = PBXGroup;
			children = (
				EB87FDF41871DAF40020F90C /* config.xml */,
				EB87FDF31871DA8E0020F90C /* www */,
				EB87FDF11871DA420020F90C /* Staging */,
				301BF52D109A57CC0062928A /* CordovaLib.xcodeproj */,
				080E96DDFE201D6D7F000001 /* Classes */,
				307C750510C5A3420062BCA9 /* Plugins */,
				29B97315FDCFA39411CA2CEA /* Other Sources */,
				29B97317FDCFA39411CA2CEA /* Resources */,
				29B97323FDCFA39411CA2CEA /* Frameworks */,
				19C28FACFE9D520D11CA2CBB /* Products */,
			);
			name = CustomTemplate;
			sourceTree = "<group>";
		};
		29B97315FDCFA39411CA2CEA /* Other Sources */ = {
			isa = PBXGroup;
			children = (
				32CA4F630368D1EE00C91783 /* MapboxTrial-Prefix.pch */,
				29B97316FDCFA39411CA2CEA /* main.m */,
				ED33DF2A687741AEAF9F8254 /* Bridging-Header.h */,
			);
			name = "Other Sources";
			path = "MapboxTrial";
			sourceTree = "<group>";
		};
		29B97317FDCFA39411CA2CEA /* Resources */ = {
			isa = PBXGroup;
			children = (
				0207DA571B56EA530066E2B4 /* Images.xcassets */,
				3047A50E1AB8057F00498E2A /* config */,
				8D1107310486CEB800E47090 /* MapboxTrial-Info.plist */,
				6AFF5BF81D6E424B00AB3073 /* CDVLaunchScreen.storyboard */,
				7BFEA9B46D144A3BA8D2F93F /* Mapbox.bundle */,
				4A7BD7C929C740449E9E2ED3 /* Settings.bundle */,
			);
			name = Resources;
			path = "MapboxTrial/Resources";
			sourceTree = "<group>";
		};
		29B97323FDCFA39411CA2CEA /* Frameworks */ = {
			isa = PBXGroup;
			children = (
				33ACA518FFC541439D37126A /* Mapbox.framework */,
				489A59D3710D4FBE80040FAA /* GLKit.framework */,
				135646E20FCC43A69D85764D /* ImageIO.framework */,
				8650C292D11B415AA6D8E22C /* QuartzCore.framework */,
				BDDD73DDF3E149B0AEEB3FFF /* SystemConfiguration.framework */,
				7C1F6FBAD32143C6812C5F0D /* libc++.dylib */,
				858896B0353D4CA29D602FDB /* libsqlite3.dylib */,
				CFAC0CBBE8AE4C018365BAEC /* libz.dylib */,
			);
			name = Frameworks;
			sourceTree = "<group>";
		};
		301BF52E109A57CC0062928A /* Products */ = {
			isa = PBXGroup;
			children = (
				301BF535109A57CC0062928A /* libCordova.a */,
			);
			name = Products;
			sourceTree = "<group>";
		};
		3047A50E1AB8057F00498E2A /* config */ = {
			isa = PBXGroup;
			children = (
				3047A50F1AB8059700498E2A /* build-debug.xcconfig */,
				3047A5101AB8059700498E2A /* build-release.xcconfig */,
				3047A5111AB8059700498E2A /* build.xcconfig */,
			);
			name = config;
			sourceTree = "<group>";
		};
		307C750510C5A3420062BCA9 /* Plugins */ = {
			isa = PBXGroup;
			children = (
				192C9C58CC3F4639A4C4AECE /* CDVMapbox.m */,
				E48DC832D6034D4E900BA644 /* Map.m */,
				305DA2FE427A448B90B67B2A /* MapController.m */,
				0022D1A66C6842C7B3673B48 /* MapOverlayDebugLayer.m */,
				1E91D301131A409DA5247A1D /* MapsManager.m */,
				39540624E8C449FEBBFD0E3F /* PluginLayout.m */,
				366BDBF7F74147F0912B3836 /* PluginScrollLayout.m */,
				746EC7F5C7994BD4A27D6A36 /* CDVMapbox.h */,
				DC728F743E1F401CB90EAEC7 /* Map.h */,
				32753D2A31EC4A27AD1A970C /* MapController.h */,
				F4087AF5D2A94232900125A8 /* MapOverlayDebugLayer.h */,
				AEFC152A009E4C9DACC8E7A1 /* MapsManager.h */,
				32DB6433381641A9A2E89722 /* PluginLayout.h */,
				B1D0C16B01B84DC0A4280D2F /* PluginScrollLayout.h */,
				5652DA78CEAD4593A04E4E9A /* Mapbox.h */,
				9D4B41C1EE2348BCBACC0350 /* MGLAccountManager.h */,
				708EAD23ABD840D1975CE6B7 /* MGLAnnotation.h */,
				5675B2B1BB4141CC8A20B67D /* MGLAnnotationImage.h */,
				C7608CEC60844C25A561BD89 /* MGLCalloutView.h */,
				997CE258AD124A6A9E7C38C8 /* MGLGeometry.h */,
				6128D05A0C044C8197EB13DF /* MGLMapCamera.h */,
				A8B5C4DF34F641D298711925 /* MGLMapView.h */,
				3C596C9687254EF8966BED56 /* MGLMapView+IBAdditions.h */,
				092F51E780D94A0A9518A988 /* MGLMapView+MGLCustomStyleLayerAdditions.h */,
				2FD7FE016C0540B7AB062B6F /* MGLMultiPoint.h */,
				7A8523FA3F4B4FF3BEC927AF /* MGLOfflinePack.h */,
				1C5354E68CA94C49BCED409E /* MGLOfflineRegion.h */,
				897E986BB42D4F128F00F2E3 /* MGLOfflineStorage.h */,
				C77D98B3B759498C967B7709 /* MGLOverlay.h */,
				97ACF385148F46C083EE2889 /* MGLPointAnnotation.h */,
				F1605D4D5A5E4AE2A6155812 /* MGLPolygon.h */,
				CB33FF6828C74E7B82C5B062 /* MGLPolyline.h */,
				4870E0D10A384DF39477F37E /* MGLShape.h */,
				A0443558082A4FAEB08F674A /* MGLStyle.h */,
				9DC7EDB0E66C4C828CC0493E /* MGLTilePyramidOfflineRegion.h */,
				2672B38ED9434118A13309EA /* MGLTypes.h */,
				4760A548CB7046B6A6377A93 /* MGLUserLocation.h */,
			);
			name = Plugins;
			path = "MapboxTrial/Plugins";
			sourceTree = SOURCE_ROOT;
		};
		EB87FDF11871DA420020F90C /* Staging */ = {
			isa = PBXGroup;
			children = (
				F840E1F0165FE0F500CFE078 /* config.xml */,
				301BF56E109A69640062928A /* www */,
			);
			name = Staging;
			sourceTree = "<group>";
		};
/* End PBXGroup section */

/* Begin PBXNativeTarget section */
		1D6058900D05DD3D006BFB54 /* MapboxTrial */ = {
			isa = PBXNativeTarget;
			buildConfigurationList = 1D6058960D05DD3E006BFB54 /* Build configuration list for PBXNativeTarget "MapboxTrial" */;
			buildPhases = (
				304B58A110DAC018002A0835 /* Copy www directory */,
				1D60588D0D05DD3D006BFB54 /* Resources */,
				1D60588E0D05DD3D006BFB54 /* Sources */,
				1D60588F0D05DD3D006BFB54 /* Frameworks */,
			);
			buildRules = (
			);
			dependencies = (
				301BF551109A68C00062928A /* PBXTargetDependency */,
			);
			name = "MapboxTrial";
			productName = "MapboxTrial";
			productReference = 1D6058910D05DD3D006BFB54 /* MapboxTrial.app */;
			productType = "com.apple.product-type.application";
		};
/* End PBXNativeTarget section */

/* Begin PBXProject section */
		29B97313FDCFA39411CA2CEA /* Project object */ = {
			isa = PBXProject;
			attributes = {
				LastUpgradeCheck = 510;
			};
			buildConfigurationList = C01FCF4E08A954540054247B /* Build configuration list for PBXProject "__NON-CLI__" */;
			compatibilityVersion = "Xcode 3.2";
			developmentRegion = English;
			hasScannedForEncodings = 1;
			mainGroup = 29B97314FDCFA39411CA2CEA /* CustomTemplate */;
			projectDirPath = "";
			projectReferences = (
				{
					ProductGroup = 301BF52E109A57CC0062928A /* Products */;
					ProjectRef = 301BF52D109A57CC0062928A /* CordovaLib.xcodeproj */;
				},
			);
			projectRoot = "";
			targets = (
				1D6058900D05DD3D006BFB54 /* MapboxTrial */,
			);
		};
/* End PBXProject section */

/* Begin PBXReferenceProxy section */
		301BF535109A57CC0062928A /* libCordova.a */ = {
			isa = PBXReferenceProxy;
			fileType = archive.ar;
			path = libCordova.a;
			remoteRef = 301BF534109A57CC0062928A /* PBXContainerItemProxy */;
			sourceTree = BUILT_PRODUCTS_DIR;
		};
/* End PBXReferenceProxy section */

/* Begin PBXResourcesBuildPhase section */
		1D60588D0D05DD3D006BFB54 /* Resources */ = {
			isa = PBXResourcesBuildPhase;
			buildActionMask = 2147483647;
			files = (
				302D95F214D2391D003F00A1 /* MainViewController.xib in Resources */,
				0207DA581B56EA530066E2B4 /* Images.xcassets in Resources */,
				6AFF5BF91D6E424B00AB3073 /* CDVLaunchScreen.storyboard in Resources */,
				96520A3AA9C34D37BF26A7C9 /* Mapbox.bundle in Resources */,
				06FB922ECAE74C54B8B5CF91 /* Settings.bundle in Resources */,
			);
			runOnlyForDeploymentPostprocessing = 0;
		};
/* End PBXResourcesBuildPhase section */

/* Begin PBXShellScriptBuildPhase section */
		304B58A110DAC018002A0835 /* Copy www directory */ = {
			isa = PBXShellScriptBuildPhase;
			buildActionMask = 2147483647;
			files = (
			);
			inputPaths = (
			);
			name = "Copy www directory";
			outputPaths = (
			);
			runOnlyForDeploymentPostprocessing = 0;
			shellPath = /bin/sh;
			shellScript = "NODEJS_PATH=/usr/local/bin; NVM_NODE_PATH=~/.nvm/versions/node/`nvm version 2>/dev/null`/bin; N_NODE_PATH=`find /usr/local/n/versions/node/* -maxdepth 0 -type d 2>/dev/null | tail -1`/bin; XCODE_NODE_PATH=`xcode-select --print-path`/usr/share/xcs/Node/bin; PATH=$NODEJS_PATH:$NVM_NODE_PATH:$N_NODE_PATH:$XCODE_NODE_PATH:$PATH && node cordova/lib/copy-www-build-step.js";
			showEnvVarsInLog = 0;
		};
/* End PBXShellScriptBuildPhase section */

/* Begin PBXSourcesBuildPhase section */
		1D60588E0D05DD3D006BFB54 /* Sources */ = {
			isa = PBXSourcesBuildPhase;
			buildActionMask = 2147483647;
			files = (
				1D60589B0D05DD56006BFB54 /* main.m in Sources */,
				1D3623260D0F684500981E51 /* AppDelegate.m in Sources */,
				302D95F114D2391D003F00A1 /* MainViewController.m in Sources */,
				23793F0E3AAF4EE6B29AD0AD /* CDVMapbox.m in Sources */,
				1CDB1AFA87A243F1A98B0B4F /* Map.m in Sources */,
				F39B3CA5977740008C766E56 /* MapController.m in Sources */,
				5071192426FA40CDBFE249BD /* MapOverlayDebugLayer.m in Sources */,
				885B63C4B0C041C3A1B80E74 /* MapsManager.m in Sources */,
				706D56A19B064D30852DF809 /* PluginLayout.m in Sources */,
				5F6BAB58081B454CB021CC40 /* PluginScrollLayout.m in Sources */,
			);
			runOnlyForDeploymentPostprocessing = 0;
		};
/* End PBXSourcesBuildPhase section */

/* Begin PBXTargetDependency section */
		301BF551109A68C00062928A /* PBXTargetDependency */ = {
			isa = PBXTargetDependency;
			name = CordovaLib;
			targetProxy = 301BF550109A68C00062928A /* PBXContainerItemProxy */;
		};
/* End PBXTargetDependency section */

/* Begin XCBuildConfiguration section */
		1D6058940D05DD3E006BFB54 /* Debug */ = {
			isa = XCBuildConfiguration;
			baseConfigurationReference = 3047A50F1AB8059700498E2A /* build-debug.xcconfig */;
			buildSettings = {
				ALWAYS_SEARCH_USER_PATHS = NO;
				ASSETCATALOG_COMPILER_APPICON_NAME = AppIcon;
				ASSETCATALOG_COMPILER_LAUNCHIMAGE_NAME = LaunchImage;
				CLANG_ENABLE_MODULES = YES;
				CLANG_ENABLE_OBJC_ARC = YES;
				COPY_PHASE_STRIP = NO;
				GCC_DYNAMIC_NO_PIC = NO;
				GCC_OPTIMIZATION_LEVEL = 0;
				GCC_PRECOMPILE_PREFIX_HEADER = YES;
				GCC_PREFIX_HEADER = "MapboxTrial/MapboxTrial-Prefix.pch";
				GCC_THUMB_SUPPORT = NO;
				GCC_VERSION = "";
				INFOPLIST_FILE = "MapboxTrial/MapboxTrial-Info.plist";
				IPHONEOS_DEPLOYMENT_TARGET = 8.0;
				LD_RUNPATH_SEARCH_PATHS = "@executable_path/Frameworks";
				TARGETED_DEVICE_FAMILY = "1,2";
				PRODUCT_NAME = "MapboxTrial";
				FRAMEWORK_SEARCH_PATHS = (
					"$(inherited)",
					"\"MapboxTrial/Plugins/cordova-plugin-mapbox\"",
				);
			};
			name = Debug;
		};
		1D6058950D05DD3E006BFB54 /* Release */ = {
			isa = XCBuildConfiguration;
			baseConfigurationReference = 3047A5101AB8059700498E2A /* build-release.xcconfig */;
			buildSettings = {
				ALWAYS_SEARCH_USER_PATHS = NO;
				ASSETCATALOG_COMPILER_APPICON_NAME = AppIcon;
				ASSETCATALOG_COMPILER_LAUNCHIMAGE_NAME = LaunchImage;
				CLANG_ENABLE_MODULES = YES;
				CLANG_ENABLE_OBJC_ARC = YES;
				COPY_PHASE_STRIP = YES;
				GCC_PRECOMPILE_PREFIX_HEADER = YES;
				GCC_PREFIX_HEADER = "MapboxTrial/MapboxTrial-Prefix.pch";
				GCC_THUMB_SUPPORT = NO;
				GCC_VERSION = "";
				INFOPLIST_FILE = "MapboxTrial/MapboxTrial-Info.plist";
				IPHONEOS_DEPLOYMENT_TARGET = 8.0;
				LD_RUNPATH_SEARCH_PATHS = "@executable_path/Frameworks";
				TARGETED_DEVICE_FAMILY = "1,2";
				PRODUCT_NAME = "MapboxTrial";
				FRAMEWORK_SEARCH_PATHS = (
					"$(inherited)",
					"\"MapboxTrial/Plugins/cordova-plugin-mapbox\"",
				);
			};
			name = Release;
		};
		C01FCF4F08A954540054247B /* Debug */ = {
			isa = XCBuildConfiguration;
			baseConfigurationReference = 3047A5111AB8059700498E2A /* build.xcconfig */;
			buildSettings = {
				CLANG_ENABLE_MODULES = YES;
				CLANG_ENABLE_OBJC_ARC = YES;
				CLANG_WARN_BOOL_CONVERSION = YES;
				CLANG_WARN_CONSTANT_CONVERSION = YES;
				CLANG_WARN_EMPTY_BODY = YES;
				CLANG_WARN_ENUM_CONVERSION = YES;
				CLANG_WARN_INT_CONVERSION = YES;
				CLANG_WARN__DUPLICATE_METHOD_MATCH = YES;
				GCC_C_LANGUAGE_STANDARD = c99;
				GCC_THUMB_SUPPORT = NO;
				GCC_VERSION = "";
				GCC_WARN_ABOUT_RETURN_TYPE = YES;
				GCC_WARN_UNDECLARED_SELECTOR = YES;
				GCC_WARN_UNINITIALIZED_AUTOS = YES;
				GCC_WARN_UNUSED_FUNCTION = YES;
				GCC_WARN_UNUSED_VARIABLE = YES;
				ONLY_ACTIVE_ARCH = YES;
				SDKROOT = iphoneos;
				SKIP_INSTALL = NO;
			};
			name = Debug;
		};
		C01FCF5008A954540054247B /* Release */ = {
			isa = XCBuildConfiguration;
			baseConfigurationReference = 3047A5111AB8059700498E2A /* build.xcconfig */;
			buildSettings = {
				CLANG_ENABLE_MODULES = YES;
				CLANG_ENABLE_OBJC_ARC = YES;
				CLANG_WARN_BOOL_CONVERSION = YES;
				CLANG_WARN_CONSTANT_CONVERSION = YES;
				CLANG_WARN_EMPTY_BODY = YES;
				CLANG_WARN_ENUM_CONVERSION = YES;
				CLANG_WARN_INT_CONVERSION = YES;
				CLANG_WARN__DUPLICATE_METHOD_MATCH = YES;
				GCC_C_LANGUAGE_STANDARD = c99;
				GCC_THUMB_SUPPORT = NO;
				GCC_VERSION = "";
				GCC_WARN_ABOUT_RETURN_TYPE = YES;
				GCC_WARN_UNDECLARED_SELECTOR = YES;
				GCC_WARN_UNINITIALIZED_AUTOS = YES;
				GCC_WARN_UNUSED_FUNCTION = YES;
				GCC_WARN_UNUSED_VARIABLE = YES;
				SDKROOT = iphoneos;
				SKIP_INSTALL = NO;
			};
			name = Release;
		};
/* End XCBuildConfiguration section */

/* Begin XCConfigurationList section */
		1D6058960D05DD3E006BFB54 /* Build configuration list for PBXNativeTarget "MapboxTrial" */ = {
			isa = XCConfigurationList;
			buildConfigurations = (
				1D6058940D05DD3E006BFB54 /* Debug */,
				1D6058950D05DD3E006BFB54 /* Release */,
			);
			defaultConfigurationIsVisible = 0;
			defaultConfigurationName = Release;
		};
		C01FCF4E08A954540054247B /* Build configuration list for PBXProject "__NON-CLI__" */ = {
			isa = XCConfigurationList;
			buildConfigurations = (
				C01FCF4F08A954540054247B /* Debug */,
				C01FCF5008A954540054247B /* Release */,
			);
			defaultConfigurationIsVisible = 0;
			defaultConfigurationName = Release;
		};
/* End XCConfigurationList section */
	};
	rootObject = 29B97313FDCFA39411CA2CEA /* Project object */;
}
