// !$*UTF8*$!
{
	archiveVersion = 1;
	classes = {
	};
	objectVersion = 46;
	objects = {
/* Begin PBXBuildFile section */
		0207DA581B56EA530066E2B4 /* Images.xcassets in Resources */ = {isa = PBXBuildFile; fileRef = 0207DA571B56EA530066E2B4 /* Images.xcassets */; };
		1D3623260D0F684500981E51 /* AppDelegate.m in Sources */ = {isa = PBXBuildFile; fileRef = 1D3623250D0F684500981E51 /* AppDelegate.m */; };
		1D60589B0D05DD56006BFB54 /* main.m in Sources */ = {isa = PBXBuildFile; fileRef = 29B97316FDCFA39411CA2CEA /* main.m */; };
		301BF552109A68D80062928A /* libCordova.a in Frameworks */ = {isa = PBXBuildFile; fileRef = 301BF535109A57CC0062928A /* libCordova.a */; };
		302D95F114D2391D003F00A1 /* MainViewController.m in Sources */ = {isa = PBXBuildFile; fileRef = 302D95EF14D2391D003F00A1 /* MainViewController.m */; };
		302D95F214D2391D003F00A1 /* MainViewController.xib in Resources */ = {isa = PBXBuildFile; fileRef = 302D95F014D2391D003F00A1 /* MainViewController.xib */; };
		3047A5121AB8059700498E2A /* build-debug.xcconfig in Resources */ = {isa = PBXBuildFile; fileRef = 3047A50F1AB8059700498E2A /* build-debug.xcconfig */; };
		3047A5131AB8059700498E2A /* build-release.xcconfig in Resources */ = {isa = PBXBuildFile; fileRef = 3047A5101AB8059700498E2A /* build-release.xcconfig */; };
		3047A5141AB8059700498E2A /* build.xcconfig in Resources */ = {isa = PBXBuildFile; fileRef = 3047A5111AB8059700498E2A /* build.xcconfig */; };
		6AFF5BF91D6E424B00AB3073 /* CDVLaunchScreen.storyboard in Resources */ = {isa = PBXBuildFile; fileRef = 6AFF5BF81D6E424B00AB3073 /* CDVLaunchScreen.storyboard */; };
		92A73B5624194DAB8A875AC4 /* CDVMapbox.m in Sources */ = {isa = PBXBuildFile; fileRef = 6C1CAA1C2AE84DE798B615D5 /* CDVMapbox.m */; };
		C2FFECCF8FF34492B4574822 /* Map.m in Sources */ = {isa = PBXBuildFile; fileRef = 5F53DB5604B14B3980ACB496 /* Map.m */; };
		DC99462CCEF44C658689915F /* MapController.m in Sources */ = {isa = PBXBuildFile; fileRef = B894232E75F64DDAA8F660E6 /* MapController.m */; };
		77D8DEBD804846F9AD0116C5 /* MapOverlayDebugLayer.m in Sources */ = {isa = PBXBuildFile; fileRef = 30A4AA3A28464F3595EEFAE3 /* MapOverlayDebugLayer.m */; };
		327F6F25B50446C3A6FDF0D6 /* MapsManager.m in Sources */ = {isa = PBXBuildFile; fileRef = 001E6C11EA284D199F11C1BC /* MapsManager.m */; };
		E31E32FF03584025B38F9597 /* PluginLayout.m in Sources */ = {isa = PBXBuildFile; fileRef = 3005B934C13F48D8964183E5 /* PluginLayout.m */; };
		0AF94C3C391B405F8BCBEB3F /* PluginScrollLayout.m in Sources */ = {isa = PBXBuildFile; fileRef = A1DED0D2DD7944E9A098BDFE /* PluginScrollLayout.m */; };
		5007E50DBC4345038698594D /* Mapbox.bundle in Resources */ = {isa = PBXBuildFile; fileRef = 0CFCA616CD904502ACD391C5 /* Mapbox.bundle */; };
		44C7708225DA4B30B5B63511 /* Settings.bundle in Resources */ = {isa = PBXBuildFile; fileRef = E6BCEFDD35374EF180A7F1FF /* Settings.bundle */; };
		099B7263FAD84DD0AAF45F8F /* Mapbox.framework in Frameworks */ = {isa = PBXBuildFile; fileRef = 8AB5D57EDFDE4807A0B2AD09 /* Mapbox.framework */; };
		B8E724F6677E458080BE5E8F /* GLKit.framework in Frameworks */ = {isa = PBXBuildFile; fileRef = 6D83BB14E2DB4FC7BA828544 /* GLKit.framework */; settings = {ATTRIBUTES = (Weak, ); }; };
		8C7E59CFA96E45B3A5900578 /* ImageIO.framework in Frameworks */ = {isa = PBXBuildFile; fileRef = EC949D8B0065473CB71293D6 /* ImageIO.framework */; settings = {ATTRIBUTES = (Weak, ); }; };
		468AEDF232F84DAA9235F0CD /* QuartzCore.framework in Frameworks */ = {isa = PBXBuildFile; fileRef = EF46C7358B9E4B0ABF0BFBCB /* QuartzCore.framework */; settings = {ATTRIBUTES = (Weak, ); }; };
		D1549B2956AC4FEEBFB156CF /* SystemConfiguration.framework in Frameworks */ = {isa = PBXBuildFile; fileRef = FCFC890E18224AE289066387 /* SystemConfiguration.framework */; settings = {ATTRIBUTES = (Weak, ); }; };
		CB3F6DB9FF0C4365BBC18DDE /* libc++.dylib in Frameworks */ = {isa = PBXBuildFile; fileRef = 2E5C9A8F57ED466C8DF630AB /* libc++.dylib */; settings = {ATTRIBUTES = (Weak, ); }; };
		063A0DEFEEDA4B32B874B472 /* libsqlite3.dylib in Frameworks */ = {isa = PBXBuildFile; fileRef = 3E3F836B023D4AF7B8A5DAE9 /* libsqlite3.dylib */; settings = {ATTRIBUTES = (Weak, ); }; };
		C467A221338D46F1B4E6D5CF /* libz.dylib in Frameworks */ = {isa = PBXBuildFile; fileRef = 11A6A3083FFE4F6AA418FA99 /* libz.dylib */; settings = {ATTRIBUTES = (Weak, ); }; };
/* End PBXBuildFile section */

/* Begin PBXContainerItemProxy section */
		301BF534109A57CC0062928A /* PBXContainerItemProxy */ = {
			isa = PBXContainerItemProxy;
			containerPortal = 301BF52D109A57CC0062928A /* CordovaLib.xcodeproj */;
			proxyType = 2;
			remoteGlobalIDString = D2AAC07E0554694100DB518D;
			remoteInfo = CordovaLib;
		};
		301BF550109A68C00062928A /* PBXContainerItemProxy */ = {
			isa = PBXContainerItemProxy;
			containerPortal = 301BF52D109A57CC0062928A /* CordovaLib.xcodeproj */;
			proxyType = 1;
			remoteGlobalIDString = D2AAC07D0554694100DB518D;
			remoteInfo = CordovaLib;
		};
/* End PBXContainerItemProxy section */

/* Begin PBXFileReference section */
		0207DA571B56EA530066E2B4 /* Images.xcassets */ = {isa = PBXFileReference; lastKnownFileType = folder.assetcatalog; name = Images.xcassets; path = "MapboxTrial/Images.xcassets"; sourceTree = SOURCE_ROOT; };
		1D3623240D0F684500981E51 /* AppDelegate.h */ = {isa = PBXFileReference; fileEncoding = 4; lastKnownFileType = sourcecode.c.h; path = AppDelegate.h; sourceTree = "<group>"; };
		1D3623250D0F684500981E51 /* AppDelegate.m */ = {isa = PBXFileReference; fileEncoding = 4; lastKnownFileType = sourcecode.c.objc; path = AppDelegate.m; sourceTree = "<group>"; };
		1D6058910D05DD3D006BFB54 /* MapboxTrial.app */ = {isa = PBXFileReference; explicitFileType = wrapper.application; includeInIndex = 0; path = "MapboxTrial.app"; sourceTree = BUILT_PRODUCTS_DIR; };
		29B97316FDCFA39411CA2CEA /* main.m */ = {isa = PBXFileReference; fileEncoding = 4; lastKnownFileType = sourcecode.c.objc; path = main.m; sourceTree = "<group>"; };
		301BF52D109A57CC0062928A /* CordovaLib.xcodeproj */ = {isa = PBXFileReference; lastKnownFileType = "wrapper.pb-project"; name = CordovaLib.xcodeproj; path = CordovaLib/CordovaLib.xcodeproj; sourceTree = "<group>"; };
		301BF56E109A69640062928A /* www */ = {isa = PBXFileReference; lastKnownFileType = folder; path = www; sourceTree = SOURCE_ROOT; };
		302D95EE14D2391D003F00A1 /* MainViewController.h */ = {isa = PBXFileReference; fileEncoding = 4; lastKnownFileType = sourcecode.c.h; path = MainViewController.h; sourceTree = "<group>"; };
		302D95EF14D2391D003F00A1 /* MainViewController.m */ = {isa = PBXFileReference; fileEncoding = 4; lastKnownFileType = sourcecode.c.objc; path = MainViewController.m; sourceTree = "<group>"; };
		302D95F014D2391D003F00A1 /* MainViewController.xib */ = {isa = PBXFileReference; fileEncoding = 4; lastKnownFileType = file.xib; path = MainViewController.xib; sourceTree = "<group>"; };
		3047A50F1AB8059700498E2A /* build-debug.xcconfig */ = {isa = PBXFileReference; fileEncoding = 4; lastKnownFileType = text.xcconfig; name = "build-debug.xcconfig"; path = cordova/build-debug.xcconfig; sourceTree = SOURCE_ROOT; };
		3047A5101AB8059700498E2A /* build-release.xcconfig */ = {isa = PBXFileReference; fileEncoding = 4; lastKnownFileType = text.xcconfig; name = "build-release.xcconfig"; path = cordova/build-release.xcconfig; sourceTree = SOURCE_ROOT; };
		3047A5111AB8059700498E2A /* build.xcconfig */ = {isa = PBXFileReference; fileEncoding = 4; lastKnownFileType = text.xcconfig; name = build.xcconfig; path = cordova/build.xcconfig; sourceTree = SOURCE_ROOT; };
		32CA4F630368D1EE00C91783 /* MapboxTrial-Prefix.pch */ = {isa = PBXFileReference; fileEncoding = 4; lastKnownFileType = sourcecode.c.h; path = "MapboxTrial-Prefix.pch"; sourceTree = "<group>"; };
		6AFF5BF81D6E424B00AB3073 /* CDVLaunchScreen.storyboard */ = {isa = PBXFileReference; fileEncoding = 4; lastKnownFileType = file.storyboard; name = CDVLaunchScreen.storyboard; path = "MapboxTrial/CDVLaunchScreen.storyboard"; sourceTree = SOURCE_ROOT; };
		8D1107310486CEB800E47090 /* MapboxTrial-Info.plist */ = {isa = PBXFileReference; fileEncoding = 4; lastKnownFileType = text.plist.xml; name = "MapboxTrial-Info.plist"; path = "MapboxTrial/MapboxTrial-Info.plist"; plistStructureDefinitionIdentifier = "com.apple.xcode.plist.structure-definition.iphone.info-plist"; sourceTree = SOURCE_ROOT; };
		EB87FDF31871DA8E0020F90C /* www */ = {isa = PBXFileReference; lastKnownFileType = folder; name = www; path = ../../www; sourceTree = "<group>"; };
		EB87FDF41871DAF40020F90C /* config.xml */ = {isa = PBXFileReference; lastKnownFileType = text.xml; name = config.xml; path = ../../config.xml; sourceTree = "<group>"; };
		F840E1F0165FE0F500CFE078 /* config.xml */ = {isa = PBXFileReference; lastKnownFileType = text.xml; name = config.xml; path = "MapboxTrial/config.xml"; sourceTree = "<group>"; };
		ED33DF2A687741AEAF9F8254 /* Bridging-Header.h */ = {isa = PBXFileReference; fileEncoding = 4; lastKnownFileType = sourcecode.c.h; name = "Bridging-Header.h"; path = "Bridging-Header.h"; sourceTree = "<group>"; };
		6C1CAA1C2AE84DE798B615D5 /* CDVMapbox.m */ = {isa = PBXFileReference; name = "CDVMapbox.m"; path = "cordova-plugin-mapbox/CDVMapbox.m"; sourceTree = "<group>"; fileEncoding = 4; lastKnownFileType = sourcecode.c.objc; explicitFileType = undefined; includeInIndex = 0; };
		5F53DB5604B14B3980ACB496 /* Map.m */ = {isa = PBXFileReference; name = "Map.m"; path = "cordova-plugin-mapbox/Map.m"; sourceTree = "<group>"; fileEncoding = 4; lastKnownFileType = sourcecode.c.objc; explicitFileType = undefined; includeInIndex = 0; };
		B894232E75F64DDAA8F660E6 /* MapController.m */ = {isa = PBXFileReference; name = "MapController.m"; path = "cordova-plugin-mapbox/MapController.m"; sourceTree = "<group>"; fileEncoding = 4; lastKnownFileType = sourcecode.c.objc; explicitFileType = undefined; includeInIndex = 0; };
		30A4AA3A28464F3595EEFAE3 /* MapOverlayDebugLayer.m */ = {isa = PBXFileReference; name = "MapOverlayDebugLayer.m"; path = "cordova-plugin-mapbox/MapOverlayDebugLayer.m"; sourceTree = "<group>"; fileEncoding = 4; lastKnownFileType = sourcecode.c.objc; explicitFileType = undefined; includeInIndex = 0; };
		001E6C11EA284D199F11C1BC /* MapsManager.m */ = {isa = PBXFileReference; name = "MapsManager.m"; path = "cordova-plugin-mapbox/MapsManager.m"; sourceTree = "<group>"; fileEncoding = 4; lastKnownFileType = sourcecode.c.objc; explicitFileType = undefined; includeInIndex = 0; };
		3005B934C13F48D8964183E5 /* PluginLayout.m */ = {isa = PBXFileReference; name = "PluginLayout.m"; path = "cordova-plugin-mapbox/PluginLayout.m"; sourceTree = "<group>"; fileEncoding = 4; lastKnownFileType = sourcecode.c.objc; explicitFileType = undefined; includeInIndex = 0; };
		A1DED0D2DD7944E9A098BDFE /* PluginScrollLayout.m */ = {isa = PBXFileReference; name = "PluginScrollLayout.m"; path = "cordova-plugin-mapbox/PluginScrollLayout.m"; sourceTree = "<group>"; fileEncoding = 4; lastKnownFileType = sourcecode.c.objc; explicitFileType = undefined; includeInIndex = 0; };
		CFBDCDD53C84444C9A65916A /* CDVMapbox.h */ = {isa = PBXFileReference; name = "CDVMapbox.h"; path = "cordova-plugin-mapbox/CDVMapbox.h"; sourceTree = "<group>"; fileEncoding = 4; lastKnownFileType = sourcecode.c.h; explicitFileType = undefined; includeInIndex = 0; };
		AF1D782A57E84F869997C634 /* Map.h */ = {isa = PBXFileReference; name = "Map.h"; path = "cordova-plugin-mapbox/Map.h"; sourceTree = "<group>"; fileEncoding = 4; lastKnownFileType = sourcecode.c.h; explicitFileType = undefined; includeInIndex = 0; };
		4001E99714684282A1D0A656 /* MapController.h */ = {isa = PBXFileReference; name = "MapController.h"; path = "cordova-plugin-mapbox/MapController.h"; sourceTree = "<group>"; fileEncoding = 4; lastKnownFileType = sourcecode.c.h; explicitFileType = undefined; includeInIndex = 0; };
		FED490C591694533A1905B4B /* MapOverlayDebugLayer.h */ = {isa = PBXFileReference; name = "MapOverlayDebugLayer.h"; path = "cordova-plugin-mapbox/MapOverlayDebugLayer.h"; sourceTree = "<group>"; fileEncoding = 4; lastKnownFileType = sourcecode.c.h; explicitFileType = undefined; includeInIndex = 0; };
		AB5A5549CBB64B4288BA3856 /* MapsManager.h */ = {isa = PBXFileReference; name = "MapsManager.h"; path = "cordova-plugin-mapbox/MapsManager.h"; sourceTree = "<group>"; fileEncoding = 4; lastKnownFileType = sourcecode.c.h; explicitFileType = undefined; includeInIndex = 0; };
		D8D466DFE6924D7F92A5276C /* PluginLayout.h */ = {isa = PBXFileReference; name = "PluginLayout.h"; path = "cordova-plugin-mapbox/PluginLayout.h"; sourceTree = "<group>"; fileEncoding = 4; lastKnownFileType = sourcecode.c.h; explicitFileType = undefined; includeInIndex = 0; };
		ACF694C63D754B1D89072E73 /* PluginScrollLayout.h */ = {isa = PBXFileReference; name = "PluginScrollLayout.h"; path = "cordova-plugin-mapbox/PluginScrollLayout.h"; sourceTree = "<group>"; fileEncoding = 4; lastKnownFileType = sourcecode.c.h; explicitFileType = undefined; includeInIndex = 0; };
		37A7CA4AEBB34B0D81D917D1 /* Mapbox.h */ = {isa = PBXFileReference; name = "Mapbox.h"; path = "cordova-plugin-mapbox/Mapbox.h"; sourceTree = "<group>"; fileEncoding = 4; lastKnownFileType = sourcecode.c.h; explicitFileType = undefined; includeInIndex = 0; };
		AA633EC673AB45E0BBE890C5 /* MGLAccountManager.h */ = {isa = PBXFileReference; name = "MGLAccountManager.h"; path = "cordova-plugin-mapbox/MGLAccountManager.h"; sourceTree = "<group>"; fileEncoding = 4; lastKnownFileType = sourcecode.c.h; explicitFileType = undefined; includeInIndex = 0; };
		5B6D65FBD753428EA6E4A48E /* MGLAnnotation.h */ = {isa = PBXFileReference; name = "MGLAnnotation.h"; path = "cordova-plugin-mapbox/MGLAnnotation.h"; sourceTree = "<group>"; fileEncoding = 4; lastKnownFileType = sourcecode.c.h; explicitFileType = undefined; includeInIndex = 0; };
		87F4AF3141A64FC2AF361E1A /* MGLAnnotationImage.h */ = {isa = PBXFileReference; name = "MGLAnnotationImage.h"; path = "cordova-plugin-mapbox/MGLAnnotationImage.h"; sourceTree = "<group>"; fileEncoding = 4; lastKnownFileType = sourcecode.c.h; explicitFileType = undefined; includeInIndex = 0; };
		3FC6DF50548F4EB8AE1667AA /* MGLCalloutView.h */ = {isa = PBXFileReference; name = "MGLCalloutView.h"; path = "cordova-plugin-mapbox/MGLCalloutView.h"; sourceTree = "<group>"; fileEncoding = 4; lastKnownFileType = sourcecode.c.h; explicitFileType = undefined; includeInIndex = 0; };
		938D94C3C22C4EAEAD41589B /* MGLGeometry.h */ = {isa = PBXFileReference; name = "MGLGeometry.h"; path = "cordova-plugin-mapbox/MGLGeometry.h"; sourceTree = "<group>"; fileEncoding = 4; lastKnownFileType = sourcecode.c.h; explicitFileType = undefined; includeInIndex = 0; };
		5A30BB7F893D44D583CDC204 /* MGLMapCamera.h */ = {isa = PBXFileReference; name = "MGLMapCamera.h"; path = "cordova-plugin-mapbox/MGLMapCamera.h"; sourceTree = "<group>"; fileEncoding = 4; lastKnownFileType = sourcecode.c.h; explicitFileType = undefined; includeInIndex = 0; };
		692277C8C6A44847BBE449B6 /* MGLMapView.h */ = {isa = PBXFileReference; name = "MGLMapView.h"; path = "cordova-plugin-mapbox/MGLMapView.h"; sourceTree = "<group>"; fileEncoding = 4; lastKnownFileType = sourcecode.c.h; explicitFileType = undefined; includeInIndex = 0; };
		3AAE1AA18D41411C9D386900 /* MGLMapView+IBAdditions.h */ = {isa = PBXFileReference; name = "MGLMapView+IBAdditions.h"; path = "cordova-plugin-mapbox/MGLMapView+IBAdditions.h"; sourceTree = "<group>"; fileEncoding = 4; lastKnownFileType = sourcecode.c.h; explicitFileType = undefined; includeInIndex = 0; };
		3DB1F6E205B34FDFAFD5E889 /* MGLMapView+MGLCustomStyleLayerAdditions.h */ = {isa = PBXFileReference; name = "MGLMapView+MGLCustomStyleLayerAdditions.h"; path = "cordova-plugin-mapbox/MGLMapView+MGLCustomStyleLayerAdditions.h"; sourceTree = "<group>"; fileEncoding = 4; lastKnownFileType = sourcecode.c.h; explicitFileType = undefined; includeInIndex = 0; };
		14A75EE36B1347C89F8D018D /* MGLMultiPoint.h */ = {isa = PBXFileReference; name = "MGLMultiPoint.h"; path = "cordova-plugin-mapbox/MGLMultiPoint.h"; sourceTree = "<group>"; fileEncoding = 4; lastKnownFileType = sourcecode.c.h; explicitFileType = undefined; includeInIndex = 0; };
		812779AD3D7D4B1DBC2EB2CA /* MGLOfflinePack.h */ = {isa = PBXFileReference; name = "MGLOfflinePack.h"; path = "cordova-plugin-mapbox/MGLOfflinePack.h"; sourceTree = "<group>"; fileEncoding = 4; lastKnownFileType = sourcecode.c.h; explicitFileType = undefined; includeInIndex = 0; };
		38BC402178E64C8ABD832D71 /* MGLOfflineRegion.h */ = {isa = PBXFileReference; name = "MGLOfflineRegion.h"; path = "cordova-plugin-mapbox/MGLOfflineRegion.h"; sourceTree = "<group>"; fileEncoding = 4; lastKnownFileType = sourcecode.c.h; explicitFileType = undefined; includeInIndex = 0; };
		40D0EB086AFA4F6F8696CB22 /* MGLOfflineStorage.h */ = {isa = PBXFileReference; name = "MGLOfflineStorage.h"; path = "cordova-plugin-mapbox/MGLOfflineStorage.h"; sourceTree = "<group>"; fileEncoding = 4; lastKnownFileType = sourcecode.c.h; explicitFileType = undefined; includeInIndex = 0; };
		E46F55BC9A954FEFACB64C0C /* MGLOverlay.h */ = {isa = PBXFileReference; name = "MGLOverlay.h"; path = "cordova-plugin-mapbox/MGLOverlay.h"; sourceTree = "<group>"; fileEncoding = 4; lastKnownFileType = sourcecode.c.h; explicitFileType = undefined; includeInIndex = 0; };
		5BC2EEBF83ED459AB45BF1CB /* MGLPointAnnotation.h */ = {isa = PBXFileReference; name = "MGLPointAnnotation.h"; path = "cordova-plugin-mapbox/MGLPointAnnotation.h"; sourceTree = "<group>"; fileEncoding = 4; lastKnownFileType = sourcecode.c.h; explicitFileType = undefined; includeInIndex = 0; };
		211ADD3C678941F0960E35EA /* MGLPolygon.h */ = {isa = PBXFileReference; name = "MGLPolygon.h"; path = "cordova-plugin-mapbox/MGLPolygon.h"; sourceTree = "<group>"; fileEncoding = 4; lastKnownFileType = sourcecode.c.h; explicitFileType = undefined; includeInIndex = 0; };
		BFE5E232C3FA4AAFA89665F5 /* MGLPolyline.h */ = {isa = PBXFileReference; name = "MGLPolyline.h"; path = "cordova-plugin-mapbox/MGLPolyline.h"; sourceTree = "<group>"; fileEncoding = 4; lastKnownFileType = sourcecode.c.h; explicitFileType = undefined; includeInIndex = 0; };
		6780A197F7244C88862E138A /* MGLShape.h */ = {isa = PBXFileReference; name = "MGLShape.h"; path = "cordova-plugin-mapbox/MGLShape.h"; sourceTree = "<group>"; fileEncoding = 4; lastKnownFileType = sourcecode.c.h; explicitFileType = undefined; includeInIndex = 0; };
		E68B909A455746C0A2D14BAF /* MGLStyle.h */ = {isa = PBXFileReference; name = "MGLStyle.h"; path = "cordova-plugin-mapbox/MGLStyle.h"; sourceTree = "<group>"; fileEncoding = 4; lastKnownFileType = sourcecode.c.h; explicitFileType = undefined; includeInIndex = 0; };
		C718613D99A34266B184C946 /* MGLTilePyramidOfflineRegion.h */ = {isa = PBXFileReference; name = "MGLTilePyramidOfflineRegion.h"; path = "cordova-plugin-mapbox/MGLTilePyramidOfflineRegion.h"; sourceTree = "<group>"; fileEncoding = 4; lastKnownFileType = sourcecode.c.h; explicitFileType = undefined; includeInIndex = 0; };
		53E657E45BB443EEBBA75444 /* MGLTypes.h */ = {isa = PBXFileReference; name = "MGLTypes.h"; path = "cordova-plugin-mapbox/MGLTypes.h"; sourceTree = "<group>"; fileEncoding = 4; lastKnownFileType = sourcecode.c.h; explicitFileType = undefined; includeInIndex = 0; };
		CCC85478934C4FFABA36AC79 /* MGLUserLocation.h */ = {isa = PBXFileReference; name = "MGLUserLocation.h"; path = "cordova-plugin-mapbox/MGLUserLocation.h"; sourceTree = "<group>"; fileEncoding = 4; lastKnownFileType = sourcecode.c.h; explicitFileType = undefined; includeInIndex = 0; };
		0CFCA616CD904502ACD391C5 /* Mapbox.bundle */ = {isa = PBXFileReference; name = "Mapbox.bundle"; path = "Mapbox.bundle"; sourceTree = "<group>"; fileEncoding = undefined; lastKnownFileType = wrapper.plug-in; explicitFileType = undefined; includeInIndex = 0; };
		E6BCEFDD35374EF180A7F1FF /* Settings.bundle */ = {isa = PBXFileReference; name = "Settings.bundle"; path = "Settings.bundle"; sourceTree = "<group>"; fileEncoding = undefined; lastKnownFileType = wrapper.plug-in; explicitFileType = undefined; includeInIndex = 0; };
		8AB5D57EDFDE4807A0B2AD09 /* Mapbox.framework */ = {isa = PBXFileReference; name = "Mapbox.framework"; path = "MapboxTrial/Plugins/cordova-plugin-mapbox/Mapbox.framework"; sourceTree = "<group>"; fileEncoding = undefined; lastKnownFileType = wrapper.framework; explicitFileType = undefined; includeInIndex = 0; };
		6D83BB14E2DB4FC7BA828544 /* GLKit.framework */ = {isa = PBXFileReference; name = "GLKit.framework"; path = "System/Library/Frameworks/GLKit.framework"; sourceTree = SDKROOT; fileEncoding = undefined; lastKnownFileType = wrapper.framework; explicitFileType = undefined; includeInIndex = 0; };
		EC949D8B0065473CB71293D6 /* ImageIO.framework */ = {isa = PBXFileReference; name = "ImageIO.framework"; path = "System/Library/Frameworks/ImageIO.framework"; sourceTree = SDKROOT; fileEncoding = undefined; lastKnownFileType = wrapper.framework; explicitFileType = undefined; includeInIndex = 0; };
		EF46C7358B9E4B0ABF0BFBCB /* QuartzCore.framework */ = {isa = PBXFileReference; name = "QuartzCore.framework"; path = "System/Library/Frameworks/QuartzCore.framework"; sourceTree = SDKROOT; fileEncoding = undefined; lastKnownFileType = wrapper.framework; explicitFileType = undefined; includeInIndex = 0; };
		FCFC890E18224AE289066387 /* SystemConfiguration.framework */ = {isa = PBXFileReference; name = "SystemConfiguration.framework"; path = "System/Library/Frameworks/SystemConfiguration.framework"; sourceTree = SDKROOT; fileEncoding = undefined; lastKnownFileType = wrapper.framework; explicitFileType = undefined; includeInIndex = 0; };
		2E5C9A8F57ED466C8DF630AB /* libc++.dylib */ = {isa = PBXFileReference; name = "libc++.dylib"; path = "usr/lib/libc++.dylib"; sourceTree = SDKROOT; fileEncoding = undefined; lastKnownFileType = compiled.mach-o.dylib; explicitFileType = undefined; includeInIndex = 0; };
		3E3F836B023D4AF7B8A5DAE9 /* libsqlite3.dylib */ = {isa = PBXFileReference; name = "libsqlite3.dylib"; path = "usr/lib/libsqlite3.dylib"; sourceTree = SDKROOT; fileEncoding = undefined; lastKnownFileType = compiled.mach-o.dylib; explicitFileType = undefined; includeInIndex = 0; };
		11A6A3083FFE4F6AA418FA99 /* libz.dylib */ = {isa = PBXFileReference; name = "libz.dylib"; path = "usr/lib/libz.dylib"; sourceTree = SDKROOT; fileEncoding = undefined; lastKnownFileType = compiled.mach-o.dylib; explicitFileType = undefined; includeInIndex = 0; };
/* End PBXFileReference section */

/* Begin PBXFrameworksBuildPhase section */
		1D60588F0D05DD3D006BFB54 /* Frameworks */ = {
			isa = PBXFrameworksBuildPhase;
			buildActionMask = 2147483647;
			files = (
				301BF552109A68D80062928A /* libCordova.a in Frameworks */,
				099B7263FAD84DD0AAF45F8F /* Mapbox.framework in Frameworks */,
				B8E724F6677E458080BE5E8F /* GLKit.framework in Frameworks */,
				8C7E59CFA96E45B3A5900578 /* ImageIO.framework in Frameworks */,
				468AEDF232F84DAA9235F0CD /* QuartzCore.framework in Frameworks */,
				D1549B2956AC4FEEBFB156CF /* SystemConfiguration.framework in Frameworks */,
				CB3F6DB9FF0C4365BBC18DDE /* libc++.dylib in Frameworks */,
				063A0DEFEEDA4B32B874B472 /* libsqlite3.dylib in Frameworks */,
				C467A221338D46F1B4E6D5CF /* libz.dylib in Frameworks */,
			);
			runOnlyForDeploymentPostprocessing = 0;
		};
/* End PBXFrameworksBuildPhase section */

/* Begin PBXGroup section */
		080E96DDFE201D6D7F000001 /* Classes */ = {
			isa = PBXGroup;
			children = (
				302D95EE14D2391D003F00A1 /* MainViewController.h */,
				302D95EF14D2391D003F00A1 /* MainViewController.m */,
				302D95F014D2391D003F00A1 /* MainViewController.xib */,
				1D3623240D0F684500981E51 /* AppDelegate.h */,
				1D3623250D0F684500981E51 /* AppDelegate.m */,
			);
			name = Classes;
			path = "MapboxTrial/Classes";
			sourceTree = SOURCE_ROOT;
		};
		19C28FACFE9D520D11CA2CBB /* Products */ = {
			isa = PBXGroup;
			children = (
				1D6058910D05DD3D006BFB54 /* MapboxTrial.app */,
			);
			name = Products;
			sourceTree = "<group>";
		};
		29B97314FDCFA39411CA2CEA /* CustomTemplate */ = {
			isa = PBXGroup;
			children = (
				EB87FDF41871DAF40020F90C /* config.xml */,
				EB87FDF31871DA8E0020F90C /* www */,
				EB87FDF11871DA420020F90C /* Staging */,
				301BF52D109A57CC0062928A /* CordovaLib.xcodeproj */,
				080E96DDFE201D6D7F000001 /* Classes */,
				307C750510C5A3420062BCA9 /* Plugins */,
				29B97315FDCFA39411CA2CEA /* Other Sources */,
				29B97317FDCFA39411CA2CEA /* Resources */,
				29B97323FDCFA39411CA2CEA /* Frameworks */,
				19C28FACFE9D520D11CA2CBB /* Products */,
			);
			name = CustomTemplate;
			sourceTree = "<group>";
		};
		29B97315FDCFA39411CA2CEA /* Other Sources */ = {
			isa = PBXGroup;
			children = (
				32CA4F630368D1EE00C91783 /* MapboxTrial-Prefix.pch */,
				29B97316FDCFA39411CA2CEA /* main.m */,
				ED33DF2A687741AEAF9F8254 /* Bridging-Header.h */,
			);
			name = "Other Sources";
			path = "MapboxTrial";
			sourceTree = "<group>";
		};
		29B97317FDCFA39411CA2CEA /* Resources */ = {
			isa = PBXGroup;
			children = (
				0207DA571B56EA530066E2B4 /* Images.xcassets */,
				3047A50E1AB8057F00498E2A /* config */,
				8D1107310486CEB800E47090 /* MapboxTrial-Info.plist */,
				6AFF5BF81D6E424B00AB3073 /* CDVLaunchScreen.storyboard */,
				0CFCA616CD904502ACD391C5 /* Mapbox.bundle */,
				E6BCEFDD35374EF180A7F1FF /* Settings.bundle */,
			);
			name = Resources;
			path = "MapboxTrial/Resources";
			sourceTree = "<group>";
		};
		29B97323FDCFA39411CA2CEA /* Frameworks */ = {
			isa = PBXGroup;
			children = (
				8AB5D57EDFDE4807A0B2AD09 /* Mapbox.framework */,
				6D83BB14E2DB4FC7BA828544 /* GLKit.framework */,
				EC949D8B0065473CB71293D6 /* ImageIO.framework */,
				EF46C7358B9E4B0ABF0BFBCB /* QuartzCore.framework */,
				FCFC890E18224AE289066387 /* SystemConfiguration.framework */,
				2E5C9A8F57ED466C8DF630AB /* libc++.dylib */,
				3E3F836B023D4AF7B8A5DAE9 /* libsqlite3.dylib */,
				11A6A3083FFE4F6AA418FA99 /* libz.dylib */,
			);
			name = Frameworks;
			sourceTree = "<group>";
		};
		301BF52E109A57CC0062928A /* Products */ = {
			isa = PBXGroup;
			children = (
				301BF535109A57CC0062928A /* libCordova.a */,
			);
			name = Products;
			sourceTree = "<group>";
		};
		3047A50E1AB8057F00498E2A /* config */ = {
			isa = PBXGroup;
			children = (
				3047A50F1AB8059700498E2A /* build-debug.xcconfig */,
				3047A5101AB8059700498E2A /* build-release.xcconfig */,
				3047A5111AB8059700498E2A /* build.xcconfig */,
			);
			name = config;
			sourceTree = "<group>";
		};
		307C750510C5A3420062BCA9 /* Plugins */ = {
			isa = PBXGroup;
			children = (
				6C1CAA1C2AE84DE798B615D5 /* CDVMapbox.m */,
				5F53DB5604B14B3980ACB496 /* Map.m */,
				B894232E75F64DDAA8F660E6 /* MapController.m */,
				30A4AA3A28464F3595EEFAE3 /* MapOverlayDebugLayer.m */,
				001E6C11EA284D199F11C1BC /* MapsManager.m */,
				3005B934C13F48D8964183E5 /* PluginLayout.m */,
				A1DED0D2DD7944E9A098BDFE /* PluginScrollLayout.m */,
				CFBDCDD53C84444C9A65916A /* CDVMapbox.h */,
				AF1D782A57E84F869997C634 /* Map.h */,
				4001E99714684282A1D0A656 /* MapController.h */,
				FED490C591694533A1905B4B /* MapOverlayDebugLayer.h */,
				AB5A5549CBB64B4288BA3856 /* MapsManager.h */,
				D8D466DFE6924D7F92A5276C /* PluginLayout.h */,
				ACF694C63D754B1D89072E73 /* PluginScrollLayout.h */,
				37A7CA4AEBB34B0D81D917D1 /* Mapbox.h */,
				AA633EC673AB45E0BBE890C5 /* MGLAccountManager.h */,
				5B6D65FBD753428EA6E4A48E /* MGLAnnotation.h */,
				87F4AF3141A64FC2AF361E1A /* MGLAnnotationImage.h */,
				3FC6DF50548F4EB8AE1667AA /* MGLCalloutView.h */,
				938D94C3C22C4EAEAD41589B /* MGLGeometry.h */,
				5A30BB7F893D44D583CDC204 /* MGLMapCamera.h */,
				692277C8C6A44847BBE449B6 /* MGLMapView.h */,
				3AAE1AA18D41411C9D386900 /* MGLMapView+IBAdditions.h */,
				3DB1F6E205B34FDFAFD5E889 /* MGLMapView+MGLCustomStyleLayerAdditions.h */,
				14A75EE36B1347C89F8D018D /* MGLMultiPoint.h */,
				812779AD3D7D4B1DBC2EB2CA /* MGLOfflinePack.h */,
				38BC402178E64C8ABD832D71 /* MGLOfflineRegion.h */,
				40D0EB086AFA4F6F8696CB22 /* MGLOfflineStorage.h */,
				E46F55BC9A954FEFACB64C0C /* MGLOverlay.h */,
				5BC2EEBF83ED459AB45BF1CB /* MGLPointAnnotation.h */,
				211ADD3C678941F0960E35EA /* MGLPolygon.h */,
				BFE5E232C3FA4AAFA89665F5 /* MGLPolyline.h */,
				6780A197F7244C88862E138A /* MGLShape.h */,
				E68B909A455746C0A2D14BAF /* MGLStyle.h */,
				C718613D99A34266B184C946 /* MGLTilePyramidOfflineRegion.h */,
				53E657E45BB443EEBBA75444 /* MGLTypes.h */,
				CCC85478934C4FFABA36AC79 /* MGLUserLocation.h */,
			);
			name = Plugins;
			path = "MapboxTrial/Plugins";
			sourceTree = SOURCE_ROOT;
		};
		EB87FDF11871DA420020F90C /* Staging */ = {
			isa = PBXGroup;
			children = (
				F840E1F0165FE0F500CFE078 /* config.xml */,
				301BF56E109A69640062928A /* www */,
			);
			name = Staging;
			sourceTree = "<group>";
		};
/* End PBXGroup section */

/* Begin PBXNativeTarget section */
		1D6058900D05DD3D006BFB54 /* MapboxTrial */ = {
			isa = PBXNativeTarget;
			buildConfigurationList = 1D6058960D05DD3E006BFB54 /* Build configuration list for PBXNativeTarget "MapboxTrial" */;
			buildPhases = (
				304B58A110DAC018002A0835 /* Copy www directory */,
				1D60588D0D05DD3D006BFB54 /* Resources */,
				1D60588E0D05DD3D006BFB54 /* Sources */,
				1D60588F0D05DD3D006BFB54 /* Frameworks */,
			);
			buildRules = (
			);
			dependencies = (
				301BF551109A68C00062928A /* PBXTargetDependency */,
			);
			name = "MapboxTrial";
			productName = "MapboxTrial";
			productReference = 1D6058910D05DD3D006BFB54 /* MapboxTrial.app */;
			productType = "com.apple.product-type.application";
		};
/* End PBXNativeTarget section */

/* Begin PBXProject section */
		29B97313FDCFA39411CA2CEA /* Project object */ = {
			isa = PBXProject;
			attributes = {
				LastUpgradeCheck = 510;
			};
			buildConfigurationList = C01FCF4E08A954540054247B /* Build configuration list for PBXProject "__NON-CLI__" */;
			compatibilityVersion = "Xcode 3.2";
			developmentRegion = English;
			hasScannedForEncodings = 1;
			mainGroup = 29B97314FDCFA39411CA2CEA /* CustomTemplate */;
			projectDirPath = "";
			projectReferences = (
				{
					ProductGroup = 301BF52E109A57CC0062928A /* Products */;
					ProjectRef = 301BF52D109A57CC0062928A /* CordovaLib.xcodeproj */;
				},
			);
			projectRoot = "";
			targets = (
				1D6058900D05DD3D006BFB54 /* MapboxTrial */,
			);
		};
/* End PBXProject section */

/* Begin PBXReferenceProxy section */
		301BF535109A57CC0062928A /* libCordova.a */ = {
			isa = PBXReferenceProxy;
			fileType = archive.ar;
			path = libCordova.a;
			remoteRef = 301BF534109A57CC0062928A /* PBXContainerItemProxy */;
			sourceTree = BUILT_PRODUCTS_DIR;
		};
/* End PBXReferenceProxy section */

/* Begin PBXResourcesBuildPhase section */
		1D60588D0D05DD3D006BFB54 /* Resources */ = {
			isa = PBXResourcesBuildPhase;
			buildActionMask = 2147483647;
			files = (
				302D95F214D2391D003F00A1 /* MainViewController.xib in Resources */,
				0207DA581B56EA530066E2B4 /* Images.xcassets in Resources */,
				6AFF5BF91D6E424B00AB3073 /* CDVLaunchScreen.storyboard in Resources */,
				5007E50DBC4345038698594D /* Mapbox.bundle in Resources */,
				44C7708225DA4B30B5B63511 /* Settings.bundle in Resources */,
			);
			runOnlyForDeploymentPostprocessing = 0;
		};
/* End PBXResourcesBuildPhase section */

/* Begin PBXShellScriptBuildPhase section */
		304B58A110DAC018002A0835 /* Copy www directory */ = {
			isa = PBXShellScriptBuildPhase;
			buildActionMask = 2147483647;
			files = (
			);
			inputPaths = (
			);
			name = "Copy www directory";
			outputPaths = (
			);
			runOnlyForDeploymentPostprocessing = 0;
			shellPath = /bin/sh;
			shellScript = "NODEJS_PATH=/usr/local/bin; NVM_NODE_PATH=~/.nvm/versions/node/`nvm version 2>/dev/null`/bin; N_NODE_PATH=`find /usr/local/n/versions/node/* -maxdepth 0 -type d 2>/dev/null | tail -1`/bin; XCODE_NODE_PATH=`xcode-select --print-path`/usr/share/xcs/Node/bin; PATH=$NODEJS_PATH:$NVM_NODE_PATH:$N_NODE_PATH:$XCODE_NODE_PATH:$PATH && node cordova/lib/copy-www-build-step.js";
			showEnvVarsInLog = 0;
		};
/* End PBXShellScriptBuildPhase section */

/* Begin PBXSourcesBuildPhase section */
		1D60588E0D05DD3D006BFB54 /* Sources */ = {
			isa = PBXSourcesBuildPhase;
			buildActionMask = 2147483647;
			files = (
				1D60589B0D05DD56006BFB54 /* main.m in Sources */,
				1D3623260D0F684500981E51 /* AppDelegate.m in Sources */,
				302D95F114D2391D003F00A1 /* MainViewController.m in Sources */,
				92A73B5624194DAB8A875AC4 /* CDVMapbox.m in Sources */,
				C2FFECCF8FF34492B4574822 /* Map.m in Sources */,
				DC99462CCEF44C658689915F /* MapController.m in Sources */,
				77D8DEBD804846F9AD0116C5 /* MapOverlayDebugLayer.m in Sources */,
				327F6F25B50446C3A6FDF0D6 /* MapsManager.m in Sources */,
				E31E32FF03584025B38F9597 /* PluginLayout.m in Sources */,
				0AF94C3C391B405F8BCBEB3F /* PluginScrollLayout.m in Sources */,
			);
			runOnlyForDeploymentPostprocessing = 0;
		};
/* End PBXSourcesBuildPhase section */

/* Begin PBXTargetDependency section */
		301BF551109A68C00062928A /* PBXTargetDependency */ = {
			isa = PBXTargetDependency;
			name = CordovaLib;
			targetProxy = 301BF550109A68C00062928A /* PBXContainerItemProxy */;
		};
/* End PBXTargetDependency section */

/* Begin XCBuildConfiguration section */
		1D6058940D05DD3E006BFB54 /* Debug */ = {
			isa = XCBuildConfiguration;
			baseConfigurationReference = 3047A50F1AB8059700498E2A /* build-debug.xcconfig */;
			buildSettings = {
				ALWAYS_SEARCH_USER_PATHS = NO;
				ASSETCATALOG_COMPILER_APPICON_NAME = AppIcon;
				ASSETCATALOG_COMPILER_LAUNCHIMAGE_NAME = LaunchImage;
				CLANG_ENABLE_MODULES = YES;
				CLANG_ENABLE_OBJC_ARC = YES;
				COPY_PHASE_STRIP = NO;
				GCC_DYNAMIC_NO_PIC = NO;
				GCC_OPTIMIZATION_LEVEL = 0;
				GCC_PRECOMPILE_PREFIX_HEADER = YES;
				GCC_PREFIX_HEADER = "MapboxTrial/MapboxTrial-Prefix.pch";
				GCC_THUMB_SUPPORT = NO;
				GCC_VERSION = "";
				INFOPLIST_FILE = "MapboxTrial/MapboxTrial-Info.plist";
				IPHONEOS_DEPLOYMENT_TARGET = 8.0;
				LD_RUNPATH_SEARCH_PATHS = "@executable_path/Frameworks";
				TARGETED_DEVICE_FAMILY = "1,2";
				PRODUCT_NAME = "MapboxTrial";
				FRAMEWORK_SEARCH_PATHS = (
					"$(inherited)",
					"\"MapboxTrial/Plugins/cordova-plugin-mapbox\"",
					"\"MapboxTrial/Plugins/cordova-plugin-mapbox\"",
				);
			};
			name = Debug;
		};
		1D6058950D05DD3E006BFB54 /* Release */ = {
			isa = XCBuildConfiguration;
			baseConfigurationReference = 3047A5101AB8059700498E2A /* build-release.xcconfig */;
			buildSettings = {
				ALWAYS_SEARCH_USER_PATHS = NO;
				ASSETCATALOG_COMPILER_APPICON_NAME = AppIcon;
				ASSETCATALOG_COMPILER_LAUNCHIMAGE_NAME = LaunchImage;
				CLANG_ENABLE_MODULES = YES;
				CLANG_ENABLE_OBJC_ARC = YES;
				COPY_PHASE_STRIP = YES;
				GCC_PRECOMPILE_PREFIX_HEADER = YES;
				GCC_PREFIX_HEADER = "MapboxTrial/MapboxTrial-Prefix.pch";
				GCC_THUMB_SUPPORT = NO;
				GCC_VERSION = "";
				INFOPLIST_FILE = "MapboxTrial/MapboxTrial-Info.plist";
				IPHONEOS_DEPLOYMENT_TARGET = 8.0;
				LD_RUNPATH_SEARCH_PATHS = "@executable_path/Frameworks";
				TARGETED_DEVICE_FAMILY = "1,2";
				PRODUCT_NAME = "MapboxTrial";
				FRAMEWORK_SEARCH_PATHS = (
					"$(inherited)",
					"\"MapboxTrial/Plugins/cordova-plugin-mapbox\"",
					"\"MapboxTrial/Plugins/cordova-plugin-mapbox\"",
				);
			};
			name = Release;
		};
		C01FCF4F08A954540054247B /* Debug */ = {
			isa = XCBuildConfiguration;
			baseConfigurationReference = 3047A5111AB8059700498E2A /* build.xcconfig */;
			buildSettings = {
				CLANG_ENABLE_MODULES = YES;
				CLANG_ENABLE_OBJC_ARC = YES;
				CLANG_WARN_BOOL_CONVERSION = YES;
				CLANG_WARN_CONSTANT_CONVERSION = YES;
				CLANG_WARN_EMPTY_BODY = YES;
				CLANG_WARN_ENUM_CONVERSION = YES;
				CLANG_WARN_INT_CONVERSION = YES;
				CLANG_WARN__DUPLICATE_METHOD_MATCH = YES;
				GCC_C_LANGUAGE_STANDARD = c99;
				GCC_THUMB_SUPPORT = NO;
				GCC_VERSION = "";
				GCC_WARN_ABOUT_RETURN_TYPE = YES;
				GCC_WARN_UNDECLARED_SELECTOR = YES;
				GCC_WARN_UNINITIALIZED_AUTOS = YES;
				GCC_WARN_UNUSED_FUNCTION = YES;
				GCC_WARN_UNUSED_VARIABLE = YES;
				ONLY_ACTIVE_ARCH = YES;
				SDKROOT = iphoneos;
				SKIP_INSTALL = NO;
			};
			name = Debug;
		};
		C01FCF5008A954540054247B /* Release */ = {
			isa = XCBuildConfiguration;
			baseConfigurationReference = 3047A5111AB8059700498E2A /* build.xcconfig */;
			buildSettings = {
				CLANG_ENABLE_MODULES = YES;
				CLANG_ENABLE_OBJC_ARC = YES;
				CLANG_WARN_BOOL_CONVERSION = YES;
				CLANG_WARN_CONSTANT_CONVERSION = YES;
				CLANG_WARN_EMPTY_BODY = YES;
				CLANG_WARN_ENUM_CONVERSION = YES;
				CLANG_WARN_INT_CONVERSION = YES;
				CLANG_WARN__DUPLICATE_METHOD_MATCH = YES;
				GCC_C_LANGUAGE_STANDARD = c99;
				GCC_THUMB_SUPPORT = NO;
				GCC_VERSION = "";
				GCC_WARN_ABOUT_RETURN_TYPE = YES;
				GCC_WARN_UNDECLARED_SELECTOR = YES;
				GCC_WARN_UNINITIALIZED_AUTOS = YES;
				GCC_WARN_UNUSED_FUNCTION = YES;
				GCC_WARN_UNUSED_VARIABLE = YES;
				SDKROOT = iphoneos;
				SKIP_INSTALL = NO;
			};
			name = Release;
		};
/* End XCBuildConfiguration section */

/* Begin XCConfigurationList section */
		1D6058960D05DD3E006BFB54 /* Build configuration list for PBXNativeTarget "MapboxTrial" */ = {
			isa = XCConfigurationList;
			buildConfigurations = (
				1D6058940D05DD3E006BFB54 /* Debug */,
				1D6058950D05DD3E006BFB54 /* Release */,
			);
			defaultConfigurationIsVisible = 0;
			defaultConfigurationName = Release;
		};
		C01FCF4E08A954540054247B /* Build configuration list for PBXProject "__NON-CLI__" */ = {
			isa = XCConfigurationList;
			buildConfigurations = (
				C01FCF4F08A954540054247B /* Debug */,
				C01FCF5008A954540054247B /* Release */,
			);
			defaultConfigurationIsVisible = 0;
			defaultConfigurationName = Release;
		};
/* End XCConfigurationList section */
	};
	rootObject = 29B97313FDCFA39411CA2CEA /* Project object */;
}
